// !$*UTF8*$!
{
	archiveVersion = 1;
	classes = {
	};
	objectVersion = 46;
	objects = {

/* Begin PBXBuildFile section */
		12B4416B1BE4395700C86291 /* AppDelegate.swift in Sources */ = {isa = PBXBuildFile; fileRef = 12B4416A1BE4395700C86291 /* AppDelegate.swift */; };
		12B4416D1BE4395700C86291 /* FirstViewController.swift in Sources */ = {isa = PBXBuildFile; fileRef = 12B4416C1BE4395700C86291 /* FirstViewController.swift */; };
		12B4416F1BE4395700C86291 /* SecondViewController.swift in Sources */ = {isa = PBXBuildFile; fileRef = 12B4416E1BE4395700C86291 /* SecondViewController.swift */; };
		12B441721BE4395700C86291 /* Main.storyboard in Resources */ = {isa = PBXBuildFile; fileRef = 12B441701BE4395700C86291 /* Main.storyboard */; };
		12B441741BE4395700C86291 /* Images.xcassets in Resources */ = {isa = PBXBuildFile; fileRef = 12B441731BE4395700C86291 /* Images.xcassets */; };
		12B441771BE4395700C86291 /* LaunchScreen.xib in Resources */ = {isa = PBXBuildFile; fileRef = 12B441751BE4395700C86291 /* LaunchScreen.xib */; };
		12B441831BE4395700C86291 /* Onboard_Nav_BarTests.swift in Sources */ = {isa = PBXBuildFile; fileRef = 12B441821BE4395700C86291 /* Onboard_Nav_BarTests.swift */; };
/* End PBXBuildFile section */

/* Begin PBXContainerItemProxy section */
		12B4417D1BE4395700C86291 /* PBXContainerItemProxy */ = {
			isa = PBXContainerItemProxy;
			containerPortal = 12B4415D1BE4395700C86291 /* Project object */;
			proxyType = 1;
			remoteGlobalIDString = 12B441641BE4395700C86291;
			remoteInfo = "Onboard Nav Bar";
		};
/* End PBXContainerItemProxy section */

/* Begin PBXFileReference section */
		12B441651BE4395700C86291 /* Onboard Nav Bar.app */ = {isa = PBXFileReference; explicitFileType = wrapper.application; includeInIndex = 0; path = "Onboard Nav Bar.app"; sourceTree = BUILT_PRODUCTS_DIR; };
		12B441691BE4395700C86291 /* Info.plist */ = {isa = PBXFileReference; lastKnownFileType = text.plist.xml; path = Info.plist; sourceTree = "<group>"; };
		12B4416A1BE4395700C86291 /* AppDelegate.swift */ = {isa = PBXFileReference; lastKnownFileType = sourcecode.swift; path = AppDelegate.swift; sourceTree = "<group>"; };
		12B4416C1BE4395700C86291 /* FirstViewController.swift */ = {isa = PBXFileReference; lastKnownFileType = sourcecode.swift; path = FirstViewController.swift; sourceTree = "<group>"; };
		12B4416E1BE4395700C86291 /* SecondViewController.swift */ = {isa = PBXFileReference; lastKnownFileType = sourcecode.swift; path = SecondViewController.swift; sourceTree = "<group>"; };
		12B441711BE4395700C86291 /* Base */ = {isa = PBXFileReference; lastKnownFileType = file.storyboard; name = Base; path = Base.lproj/Main.storyboard; sourceTree = "<group>"; };
		12B441731BE4395700C86291 /* Images.xcassets */ = {isa = PBXFileReference; lastKnownFileType = folder.assetcatalog; path = Images.xcassets; sourceTree = "<group>"; };
		12B441761BE4395700C86291 /* Base */ = {isa = PBXFileReference; lastKnownFileType = file.xib; name = Base; path = Base.lproj/LaunchScreen.xib; sourceTree = "<group>"; };
		12B4417C1BE4395700C86291 /* Onboard Nav BarTests.xctest */ = {isa = PBXFileReference; explicitFileType = wrapper.cfbundle; includeInIndex = 0; path = "Onboard Nav BarTests.xctest"; sourceTree = BUILT_PRODUCTS_DIR; };
		12B441811BE4395700C86291 /* Info.plist */ = {isa = PBXFileReference; lastKnownFileType = text.plist.xml; path = Info.plist; sourceTree = "<group>"; };
		12B441821BE4395700C86291 /* Onboard_Nav_BarTests.swift */ = {isa = PBXFileReference; lastKnownFileType = sourcecode.swift; path = Onboard_Nav_BarTests.swift; sourceTree = "<group>"; };
/* End PBXFileReference section */

/* Begin PBXFrameworksBuildPhase section */
		12B441621BE4395700C86291 /* Frameworks */ = {
			isa = PBXFrameworksBuildPhase;
			buildActionMask = 2147483647;
			files = (
			);
			runOnlyForDeploymentPostprocessing = 0;
		};
		12B441791BE4395700C86291 /* Frameworks */ = {
			isa = PBXFrameworksBuildPhase;
			buildActionMask = 2147483647;
			files = (
			);
			runOnlyForDeploymentPostprocessing = 0;
		};
/* End PBXFrameworksBuildPhase section */

/* Begin PBXGroup section */
		12B4415C1BE4395700C86291 = {
			isa = PBXGroup;
			children = (
				12B441671BE4395700C86291 /* Onboard Nav Bar */,
				12B4417F1BE4395700C86291 /* Onboard Nav BarTests */,
				12B441661BE4395700C86291 /* Products */,
			);
			sourceTree = "<group>";
		};
		12B441661BE4395700C86291 /* Products */ = {
			isa = PBXGroup;
			children = (
				12B441651BE4395700C86291 /* Onboard Nav Bar.app */,
				12B4417C1BE4395700C86291 /* Onboard Nav BarTests.xctest */,
			);
			name = Products;
			sourceTree = "<group>";
		};
		12B441671BE4395700C86291 /* Onboard Nav Bar */ = {
			isa = PBXGroup;
			children = (
				12B4416A1BE4395700C86291 /* AppDelegate.swift */,
				12B4416C1BE4395700C86291 /* FirstViewController.swift */,
				12B4416E1BE4395700C86291 /* SecondViewController.swift */,
				12B441701BE4395700C86291 /* Main.storyboard */,
				12B441731BE4395700C86291 /* Images.xcassets */,
				12B441751BE4395700C86291 /* LaunchScreen.xib */,
				12B441681BE4395700C86291 /* Supporting Files */,
			);
			path = "Onboard Nav Bar";
			sourceTree = "<group>";
		};
		12B441681BE4395700C86291 /* Supporting Files */ = {
			isa = PBXGroup;
			children = (
				12B441691BE4395700C86291 /* Info.plist */,
			);
			name = "Supporting Files";
			sourceTree = "<group>";
		};
		12B4417F1BE4395700C86291 /* Onboard Nav BarTests */ = {
			isa = PBXGroup;
			children = (
				12B441821BE4395700C86291 /* Onboard_Nav_BarTests.swift */,
				12B441801BE4395700C86291 /* Supporting Files */,
			);
			path = "Onboard Nav BarTests";
			sourceTree = "<group>";
		};
		12B441801BE4395700C86291 /* Supporting Files */ = {
			isa = PBXGroup;
			children = (
				12B441811BE4395700C86291 /* Info.plist */,
			);
			name = "Supporting Files";
			sourceTree = "<group>";
		};
/* End PBXGroup section */

/* Begin PBXNativeTarget section */
		12B441641BE4395700C86291 /* Onboard Nav Bar */ = {
			isa = PBXNativeTarget;
			buildConfigurationList = 12B441861BE4395700C86291 /* Build configuration list for PBXNativeTarget "Onboard Nav Bar" */;
			buildPhases = (
				12B441611BE4395700C86291 /* Sources */,
				12B441621BE4395700C86291 /* Frameworks */,
				12B441631BE4395700C86291 /* Resources */,
			);
			buildRules = (
			);
			dependencies = (
			);
			name = "Onboard Nav Bar";
			productName = "Onboard Nav Bar";
			productReference = 12B441651BE4395700C86291 /* Onboard Nav Bar.app */;
			productType = "com.apple.product-type.application";
		};
		12B4417B1BE4395700C86291 /* Onboard Nav BarTests */ = {
			isa = PBXNativeTarget;
			buildConfigurationList = 12B441891BE4395700C86291 /* Build configuration list for PBXNativeTarget "Onboard Nav BarTests" */;
			buildPhases = (
				12B441781BE4395700C86291 /* Sources */,
				12B441791BE4395700C86291 /* Frameworks */,
				12B4417A1BE4395700C86291 /* Resources */,
			);
			buildRules = (
			);
			dependencies = (
				12B4417E1BE4395700C86291 /* PBXTargetDependency */,
			);
			name = "Onboard Nav BarTests";
			productName = "Onboard Nav BarTests";
			productReference = 12B4417C1BE4395700C86291 /* Onboard Nav BarTests.xctest */;
			productType = "com.apple.product-type.bundle.unit-test";
		};
/* End PBXNativeTarget section */

/* Begin PBXProject section */
		12B4415D1BE4395700C86291 /* Project object */ = {
			isa = PBXProject;
			attributes = {
				LastUpgradeCheck = 0630;
				ORGANIZATIONNAME = "George Cui";
				TargetAttributes = {
					12B441641BE4395700C86291 = {
						CreatedOnToolsVersion = 6.3;
					};
					12B4417B1BE4395700C86291 = {
						CreatedOnToolsVersion = 6.3;
						TestTargetID = 12B441641BE4395700C86291;
					};
				};
			};
			buildConfigurationList = 12B441601BE4395700C86291 /* Build configuration list for PBXProject "Onboard Nav Bar" */;
			compatibilityVersion = "Xcode 3.2";
			developmentRegion = English;
			hasScannedForEncodings = 0;
			knownRegions = (
				en,
				Base,
			);
			mainGroup = 12B4415C1BE4395700C86291;
			productRefGroup = 12B441661BE4395700C86291 /* Products */;
			projectDirPath = "";
			projectRoot = "";
			targets = (
				12B441641BE4395700C86291 /* Onboard Nav Bar */,
				12B4417B1BE4395700C86291 /* Onboard Nav BarTests */,
			);
		};
/* End PBXProject section */

/* Begin PBXResourcesBuildPhase section */
		12B441631BE4395700C86291 /* Resources */ = {
			isa = PBXResourcesBuildPhase;
			buildActionMask = 2147483647;
			files = (
				12B441721BE4395700C86291 /* Main.storyboard in Resources */,
				12B441771BE4395700C86291 /* LaunchScreen.xib in Resources */,
				12B441741BE4395700C86291 /* Images.xcassets in Resources */,
			);
			runOnlyForDeploymentPostprocessing = 0;
		};
		12B4417A1BE4395700C86291 /* Resources */ = {
			isa = PBXResourcesBuildPhase;
			buildActionMask = 2147483647;
			files = (
			);
			runOnlyForDeploymentPostprocessing = 0;
		};
/* End PBXResourcesBuildPhase section */

/* Begin PBXSourcesBuildPhase section */
		12B441611BE4395700C86291 /* Sources */ = {
			isa = PBXSourcesBuildPhase;
			buildActionMask = 2147483647;
			files = (
				12B4416F1BE4395700C86291 /* SecondViewController.swift in Sources */,
				12B4416B1BE4395700C86291 /* AppDelegate.swift in Sources */,
				12B4416D1BE4395700C86291 /* FirstViewController.swift in Sources */,
			);
			runOnlyForDeploymentPostprocessing = 0;
		};
		12B441781BE4395700C86291 /* Sources */ = {
			isa = PBXSourcesBuildPhase;
			buildActionMask = 2147483647;
			files = (
				12B441831BE4395700C86291 /* Onboard_Nav_BarTests.swift in Sources */,
			);
			runOnlyForDeploymentPostprocessing = 0;
		};
/* End PBXSourcesBuildPhase section */

/* Begin PBXTargetDependency section */
		12B4417E1BE4395700C86291 /* PBXTargetDependency */ = {
			isa = PBXTargetDependency;
			target = 12B441641BE4395700C86291 /* Onboard Nav Bar */;
			targetProxy = 12B4417D1BE4395700C86291 /* PBXContainerItemProxy */;
		};
/* End PBXTargetDependency section */

/* Begin PBXVariantGroup section */
		12B441701BE4395700C86291 /* Main.storyboard */ = {
			isa = PBXVariantGroup;
			children = (
				12B441711BE4395700C86291 /* Base */,
			);
			name = Main.storyboard;
			sourceTree = "<group>";
		};
		12B441751BE4395700C86291 /* LaunchScreen.xib */ = {
			isa = PBXVariantGroup;
			children = (
				12B441761BE4395700C86291 /* Base */,
			);
			name = LaunchScreen.xib;
			sourceTree = "<group>";
		};
/* End PBXVariantGroup section */

/* Begin XCBuildConfiguration section */
		12B441841BE4395700C86291 /* Debug */ = {
			isa = XCBuildConfiguration;
			buildSettings = {
				ALWAYS_SEARCH_USER_PATHS = NO;
				CLANG_CXX_LANGUAGE_STANDARD = "gnu++0x";
				CLANG_CXX_LIBRARY = "libc++";
				CLANG_ENABLE_MODULES = YES;
				CLANG_ENABLE_OBJC_ARC = YES;
				CLANG_WARN_BOOL_CONVERSION = YES;
				CLANG_WARN_CONSTANT_CONVERSION = YES;
				CLANG_WARN_DIRECT_OBJC_ISA_USAGE = YES_ERROR;
				CLANG_WARN_EMPTY_BODY = YES;
				CLANG_WARN_ENUM_CONVERSION = YES;
				CLANG_WARN_INT_CONVERSION = YES;
				CLANG_WARN_OBJC_ROOT_CLASS = YES_ERROR;
				CLANG_WARN_UNREACHABLE_CODE = YES;
				CLANG_WARN__DUPLICATE_METHOD_MATCH = YES;
				"CODE_SIGN_IDENTITY[sdk=iphoneos*]" = "iPhone Developer";
				COPY_PHASE_STRIP = NO;
				DEBUG_INFORMATION_FORMAT = "dwarf-with-dsym";
				ENABLE_STRICT_OBJC_MSGSEND = YES;
				GCC_C_LANGUAGE_STANDARD = gnu99;
				GCC_DYNAMIC_NO_PIC = NO;
				GCC_NO_COMMON_BLOCKS = YES;
				GCC_OPTIMIZATION_LEVEL = 0;
				GCC_PREPROCESSOR_DEFINITIONS = (
					"DEBUG=1",
					"$(inherited)",
				);
				GCC_SYMBOLS_PRIVATE_EXTERN = NO;
				GCC_WARN_64_TO_32_BIT_CONVERSION = YES;
				GCC_WARN_ABOUT_RETURN_TYPE = YES_ERROR;
				GCC_WARN_UNDECLARED_SELECTOR = YES;
				GCC_WARN_UNINITIALIZED_AUTOS = YES_AGGRESSIVE;
				GCC_WARN_UNUSED_FUNCTION = YES;
				GCC_WARN_UNUSED_VARIABLE = YES;
				IPHONEOS_DEPLOYMENT_TARGET = 8.3;
				MTL_ENABLE_DEBUG_INFO = YES;
				ONLY_ACTIVE_ARCH = YES;
				SDKROOT = iphoneos;
				SWIFT_OPTIMIZATION_LEVEL = "-Onone";
				TARGETED_DEVICE_FAMILY = "1,2";
			};
			name = Debug;
		};
		12B441851BE4395700C86291 /* Release */ = {
			isa = XCBuildConfiguration;
			buildSettings = {
				ALWAYS_SEARCH_USER_PATHS = NO;
				CLANG_CXX_LANGUAGE_STANDARD = "gnu++0x";
				CLANG_CXX_LIBRARY = "libc++";
				CLANG_ENABLE_MODULES = YES;
				CLANG_ENABLE_OBJC_ARC = YES;
				CLANG_WARN_BOOL_CONVERSION = YES;
				CLANG_WARN_CONSTANT_CONVERSION = YES;
				CLANG_WARN_DIRECT_OBJC_ISA_USAGE = YES_ERROR;
				CLANG_WARN_EMPTY_BODY = YES;
				CLANG_WARN_ENUM_CONVERSION = YES;
				CLANG_WARN_INT_CONVERSION = YES;
				CLANG_WARN_OBJC_ROOT_CLASS = YES_ERROR;
				CLANG_WARN_UNREACHABLE_CODE = YES;
				CLANG_WARN__DUPLICATE_METHOD_MATCH = YES;
				"CODE_SIGN_IDENTITY[sdk=iphoneos*]" = "iPhone Developer";
				COPY_PHASE_STRIP = NO;
				DEBUG_INFORMATION_FORMAT = "dwarf-with-dsym";
				ENABLE_NS_ASSERTIONS = NO;
				ENABLE_STRICT_OBJC_MSGSEND = YES;
				GCC_C_LANGUAGE_STANDARD = gnu99;
				GCC_NO_COMMON_BLOCKS = YES;
				GCC_WARN_64_TO_32_BIT_CONVERSION = YES;
				GCC_WARN_ABOUT_RETURN_TYPE = YES_ERROR;
				GCC_WARN_UNDECLARED_SELECTOR = YES;
				GCC_WARN_UNINITIALIZED_AUTOS = YES_AGGRESSIVE;
				GCC_WARN_UNUSED_FUNCTION = YES;
				GCC_WARN_UNUSED_VARIABLE = YES;
				IPHONEOS_DEPLOYMENT_TARGET = 8.3;
				MTL_ENABLE_DEBUG_INFO = NO;
				SDKROOT = iphoneos;
				TARGETED_DEVICE_FAMILY = "1,2";
				VALIDATE_PRODUCT = YES;
			};
			name = Release;
		};
		12B441871BE4395700C86291 /* Debug */ = {
			isa = XCBuildConfiguration;
			buildSettings = {
				ASSETCATALOG_COMPILER_APPICON_NAME = AppIcon;
				INFOPLIST_FILE = "Onboard Nav Bar/Info.plist";
				LD_RUNPATH_SEARCH_PATHS = "$(inherited) @executable_path/Frameworks";
				PRODUCT_NAME = "$(TARGET_NAME)";
			};
			name = Debug;
		};
		12B441881BE4395700C86291 /* Release */ = {
			isa = XCBuildConfiguration;
			buildSettings = {
				ASSETCATALOG_COMPILER_APPICON_NAME = AppIcon;
				INFOPLIST_FILE = "Onboard Nav Bar/Info.plist";
				LD_RUNPATH_SEARCH_PATHS = "$(inherited) @executable_path/Frameworks";
				PRODUCT_NAME = "$(TARGET_NAME)";
			};
			name = Release;
		};
		12B4418A1BE4395700C86291 /* Debug */ = {
			isa = XCBuildConfiguration;
			buildSettings = {
				BUNDLE_LOADER = "$(TEST_HOST)";
				FRAMEWORK_SEARCH_PATHS = (
					"$(SDKROOT)/Developer/Library/Frameworks",
					"$(inherited)",
				);
				GCC_PREPROCESSOR_DEFINITIONS = (
					"DEBUG=1",
					"$(inherited)",
				);
				INFOPLIST_FILE = "Onboard Nav BarTests/Info.plist";
				LD_RUNPATH_SEARCH_PATHS = "$(inherited) @executable_path/Frameworks @loader_path/Frameworks";
				PRODUCT_NAME = "$(TARGET_NAME)";
				TEST_HOST = "$(BUILT_PRODUCTS_DIR)/Onboard Nav Bar.app/Onboard Nav Bar";
			};
			name = Debug;
		};
		12B4418B1BE4395700C86291 /* Release */ = {
			isa = XCBuildConfiguration;
			buildSettings = {
				BUNDLE_LOADER = "$(TEST_HOST)";
				FRAMEWORK_SEARCH_PATHS = (
					"$(SDKROOT)/Developer/Library/Frameworks",
					"$(inherited)",
				);
				INFOPLIST_FILE = "Onboard Nav BarTests/Info.plist";
				LD_RUNPATH_SEARCH_PATHS = "$(inherited) @executable_path/Frameworks @loader_path/Frameworks";
				PRODUCT_NAME = "$(TARGET_NAME)";
				TEST_HOST = "$(BUILT_PRODUCTS_DIR)/Onboard Nav Bar.app/Onboard Nav Bar";
			};
			name = Release;
		};
/* End XCBuildConfiguration section */

/* Begin XCConfigurationList section */
		12B441601BE4395700C86291 /* Build configuration list for PBXProject "Onboard Nav Bar" */ = {
			isa = XCConfigurationList;
			buildConfigurations = (
				12B441841BE4395700C86291 /* Debug */,
				12B441851BE4395700C86291 /* Release */,
			);
			defaultConfigurationIsVisible = 0;
			defaultConfigurationName = Release;
		};
		12B441861BE4395700C86291 /* Build configuration list for PBXNativeTarget "Onboard Nav Bar" */ = {
			isa = XCConfigurationList;
			buildConfigurations = (
				12B441871BE4395700C86291 /* Debug */,
				12B441881BE4395700C86291 /* Release */,
			);
			defaultConfigurationIsVisible = 0;
		};
		12B441891BE4395700C86291 /* Build configuration list for PBXNativeTarget "Onboard Nav BarTests" */ = {
			isa = XCConfigurationList;
			buildConfigurations = (
				12B4418A1BE4395700C86291 /* Debug */,
				12B4418B1BE4395700C86291 /* Release */,
			);
			defaultConfigurationIsVisible = 0;
		};
/* End XCConfigurationList section */
	};
	rootObject = 12B4415D1BE4395700C86291 /* Project object */;
}
