// !$*UTF8*$!
{
	archiveVersion = 1;
	classes = {
	};
	objectVersion = 46;
	objects = {

/* Begin PBXBuildFile section */
		121078301BED788300D96B40 /* CoreMotionManager.swift in Sources */ = {isa = PBXBuildFile; fileRef = 1210782F1BED788300D96B40 /* CoreMotionManager.swift */; };
		121078321BED7BDB00D96B40 /* Acceleration.swift in Sources */ = {isa = PBXBuildFile; fileRef = 121078311BED7BDB00D96B40 /* Acceleration.swift */; };
		12186D031C0B9B1C005E04A4 /* GeoTag.swift in Sources */ = {isa = PBXBuildFile; fileRef = 12186D021C0B9B1C005E04A4 /* GeoTag.swift */; };
		12186D051C0B9D5B005E04A4 /* GeoTagManager.swift in Sources */ = {isa = PBXBuildFile; fileRef = 12186D041C0B9D5B005E04A4 /* GeoTagManager.swift */; };
		12186D191C0BB630005E04A4 /* HealthKit.framework in Frameworks */ = {isa = PBXBuildFile; fileRef = 12186D181C0BB630005E04A4 /* HealthKit.framework */; };
		12ED59681BEE88B8007EBAC6 /* CoreMotion.framework in Frameworks */ = {isa = PBXBuildFile; fileRef = 12ED59671BEE88B8007EBAC6 /* CoreMotion.framework */; };
		12ED596C1BEE8BB7007EBAC6 /* TripViewController.swift in Sources */ = {isa = PBXBuildFile; fileRef = 12ED596B1BEE8BB7007EBAC6 /* TripViewController.swift */; };
		3C6D07E61BEE9A1F0079B948 /* CreateProfileViewController.swift in Sources */ = {isa = PBXBuildFile; fileRef = 3C6D07E51BEE9A1F0079B948 /* CreateProfileViewController.swift */; };
		3C9F4DA71BEFDB4800301029 /* LaunchScreen.storyboard in Resources */ = {isa = PBXBuildFile; fileRef = 3C9F4DA61BEFDB4800301029 /* LaunchScreen.storyboard */; };
		540B33851BF151DF007F6B7B /* MapViewController.swift in Sources */ = {isa = PBXBuildFile; fileRef = 540B33841BF151DF007F6B7B /* MapViewController.swift */; };
		541CFF471BEAC32200DEB2D3 /* Launch Screen.xib in Resources */ = {isa = PBXBuildFile; fileRef = 541CFF461BEAC32200DEB2D3 /* Launch Screen.xib */; };
		541CFF4C1BEAC8DD00DEB2D3 /* CoreLocationManager.swift in Sources */ = {isa = PBXBuildFile; fileRef = 541CFF4B1BEAC8DD00DEB2D3 /* CoreLocationManager.swift */; };
		541CFF501BEADF6900DEB2D3 /* LocalStorageManager.swift in Sources */ = {isa = PBXBuildFile; fileRef = 541CFF4F1BEADF6900DEB2D3 /* LocalStorageManager.swift */; };
		541CFF521BEAE38500DEB2D3 /* User.swift in Sources */ = {isa = PBXBuildFile; fileRef = 541CFF511BEAE38500DEB2D3 /* User.swift */; };
		541CFF541BEAEADE00DEB2D3 /* UserManager.swift in Sources */ = {isa = PBXBuildFile; fileRef = 541CFF531BEAEADE00DEB2D3 /* UserManager.swift */; };
		545DDBE51C02775200D5E1B7 /* GroupManagementViewController.swift in Sources */ = {isa = PBXBuildFile; fileRef = 545DDBE41C02775200D5E1B7 /* GroupManagementViewController.swift */; };
		545DDBE71C02852500D5E1B7 /* GroupUser.swift in Sources */ = {isa = PBXBuildFile; fileRef = 545DDBE61C02852500D5E1B7 /* GroupUser.swift */; };
		545E92B11C092D40002BAB9A /* GroupViewController.swift in Sources */ = {isa = PBXBuildFile; fileRef = 545E92B01C092D40002BAB9A /* GroupViewController.swift */; };
		545E92B31C094710002BAB9A /* ActiveData.swift in Sources */ = {isa = PBXBuildFile; fileRef = 545E92B21C094710002BAB9A /* ActiveData.swift */; };
		546FC70F1C0011EE00B9EB51 /* WebApiManager.swift in Sources */ = {isa = PBXBuildFile; fileRef = 546FC70E1C0011EE00B9EB51 /* WebApiManager.swift */; };
		546FC7151C0014F100B9EB51 /* SwiftyJSON.swift in Sources */ = {isa = PBXBuildFile; fileRef = 546FC7141C0014F100B9EB51 /* SwiftyJSON.swift */; };
		546FD05A1C011D1700C8CF7B /* Group.swift in Sources */ = {isa = PBXBuildFile; fileRef = 546FD0591C011D1700C8CF7B /* Group.swift */; };
		546FD05F1C012CFC00C8CF7B /* OnlinServiceManager.swift in Sources */ = {isa = PBXBuildFile; fileRef = 546FD05E1C012CFC00C8CF7B /* OnlinServiceManager.swift */; };
		54765AE31BEE9BD000EC49AF /* Session.swift in Sources */ = {isa = PBXBuildFile; fileRef = 54765AE11BEE9BD000EC49AF /* Session.swift */; };
		54765AE41BEE9BD000EC49AF /* SessionManager.swift in Sources */ = {isa = PBXBuildFile; fileRef = 54765AE21BEE9BD000EC49AF /* SessionManager.swift */; };
		54765AEC1BEEA01200EC49AF /* SessionSnapshot.swift in Sources */ = {isa = PBXBuildFile; fileRef = 54765AEB1BEEA01200EC49AF /* SessionSnapshot.swift */; };
		54765AEE1BEEA04E00EC49AF /* LocationSnapshot.swift in Sources */ = {isa = PBXBuildFile; fileRef = 54765AED1BEEA04E00EC49AF /* LocationSnapshot.swift */; };
		54765AF01BEEA05E00EC49AF /* MotionSnapshot.swift in Sources */ = {isa = PBXBuildFile; fileRef = 54765AEF1BEEA05E00EC49AF /* MotionSnapshot.swift */; };
		5476CDD91BEC1B06002A3D45 /* SkiResortDataManager.swift in Sources */ = {isa = PBXBuildFile; fileRef = 5476CDD81BEC1B06002A3D45 /* SkiResortDataManager.swift */; };
		5476CDDC1BEC1B86002A3D45 /* SkiResort.swift in Sources */ = {isa = PBXBuildFile; fileRef = 5476CDDB1BEC1B86002A3D45 /* SkiResort.swift */; };
		5476CDDE1BEC2102002A3D45 /* SkiResortData.plist in Resources */ = {isa = PBXBuildFile; fileRef = 5476CDDD1BEC2102002A3D45 /* SkiResortData.plist */; };
		54B247AE1BF00530000116D2 /* StatusGraphView.swift in Sources */ = {isa = PBXBuildFile; fileRef = 54B247AD1BF00530000116D2 /* StatusGraphView.swift */; };
		54B247B41BF018E7000116D2 /* Queue.swift in Sources */ = {isa = PBXBuildFile; fileRef = 54B247B31BF018E7000116D2 /* Queue.swift */; };
		6F4594441C0288B700EC85F5 /* Connectivity.swift in Sources */ = {isa = PBXBuildFile; fileRef = 6F4594431C0288B700EC85F5 /* Connectivity.swift */; };
		BF8E77B61BF0621000327C90 /* ChangeProfileTableViewController.swift in Sources */ = {isa = PBXBuildFile; fileRef = BF8E77B51BF0621000327C90 /* ChangeProfileTableViewController.swift */; };
		BFAD5EF01BF09CF40022D079 /* StatDetailsViewController.swift in Sources */ = {isa = PBXBuildFile; fileRef = BFAD5EEE1BF09CF40022D079 /* StatDetailsViewController.swift */; };
		BFAD5EF11BF09CF40022D079 /* StatisticsTableViewController.swift in Sources */ = {isa = PBXBuildFile; fileRef = BFAD5EEF1BF09CF40022D079 /* StatisticsTableViewController.swift */; };
		C45C3C281BE9F7BA00174AC1 /* AppDelegate.swift in Sources */ = {isa = PBXBuildFile; fileRef = C45C3C271BE9F7BA00174AC1 /* AppDelegate.swift */; };
		C45C3C2D1BE9F7BA00174AC1 /* Main.storyboard in Resources */ = {isa = PBXBuildFile; fileRef = C45C3C2B1BE9F7BA00174AC1 /* Main.storyboard */; };
		C45C3C2F1BE9F7BA00174AC1 /* Assets.xcassets in Resources */ = {isa = PBXBuildFile; fileRef = C45C3C2E1BE9F7BA00174AC1 /* Assets.xcassets */; };
		C45C3C3D1BE9F7BA00174AC1 /* OnBoardTests.swift in Sources */ = {isa = PBXBuildFile; fileRef = C45C3C3C1BE9F7BA00174AC1 /* OnBoardTests.swift */; };
		C45C3C491BE9FDA200174AC1 /* ProfileSetupViewController.swift in Sources */ = {isa = PBXBuildFile; fileRef = C45C3C481BE9FDA200174AC1 /* ProfileSetupViewController.swift */; };
		C45C3C4D1BEA027E00174AC1 /* LocationSpecificationViewController.swift in Sources */ = {isa = PBXBuildFile; fileRef = C45C3C4C1BEA027E00174AC1 /* LocationSpecificationViewController.swift */; };
		C45C3C4F1BEA038500174AC1 /* SessionConfirmationViewController.swift in Sources */ = {isa = PBXBuildFile; fileRef = C45C3C4E1BEA038500174AC1 /* SessionConfirmationViewController.swift */; };
		C45C3C511BEA05D100174AC1 /* StartupViewController.swift in Sources */ = {isa = PBXBuildFile; fileRef = C45C3C501BEA05D100174AC1 /* StartupViewController.swift */; };
		C46901061C059C8D00D26D56 /* TelerikUI.framework in Frameworks */ = {isa = PBXBuildFile; fileRef = C46901051C059C8D00D26D56 /* TelerikUI.framework */; };
		C46901091C059D7400D26D56 /* TelerikBridge.m in Sources */ = {isa = PBXBuildFile; fileRef = C46901081C059D7400D26D56 /* TelerikBridge.m */; };
/* End PBXBuildFile section */

/* Begin PBXContainerItemProxy section */
		C45C3C391BE9F7BA00174AC1 /* PBXContainerItemProxy */ = {
			isa = PBXContainerItemProxy;
			containerPortal = C45C3C1C1BE9F7BA00174AC1 /* Project object */;
			proxyType = 1;
			remoteGlobalIDString = C45C3C231BE9F7BA00174AC1;
			remoteInfo = OnBoard;
		};
/* End PBXContainerItemProxy section */

/* Begin PBXFileReference section */
		1210782F1BED788300D96B40 /* CoreMotionManager.swift */ = {isa = PBXFileReference; fileEncoding = 4; lastKnownFileType = sourcecode.swift; path = CoreMotionManager.swift; sourceTree = "<group>"; };
		121078311BED7BDB00D96B40 /* Acceleration.swift */ = {isa = PBXFileReference; fileEncoding = 4; lastKnownFileType = sourcecode.swift; path = Acceleration.swift; sourceTree = "<group>"; };
		12186D021C0B9B1C005E04A4 /* GeoTag.swift */ = {isa = PBXFileReference; fileEncoding = 4; lastKnownFileType = sourcecode.swift; path = GeoTag.swift; sourceTree = "<group>"; };
		12186D041C0B9D5B005E04A4 /* GeoTagManager.swift */ = {isa = PBXFileReference; fileEncoding = 4; lastKnownFileType = sourcecode.swift; path = GeoTagManager.swift; sourceTree = "<group>"; };
		12186D181C0BB630005E04A4 /* HealthKit.framework */ = {isa = PBXFileReference; lastKnownFileType = wrapper.framework; name = HealthKit.framework; path = System/Library/Frameworks/HealthKit.framework; sourceTree = SDKROOT; };
		124863CA1C09282D00D86E62 /* OnBoard.entitlements */ = {isa = PBXFileReference; lastKnownFileType = text.xml; path = OnBoard.entitlements; sourceTree = "<group>"; };
		12ED59671BEE88B8007EBAC6 /* CoreMotion.framework */ = {isa = PBXFileReference; lastKnownFileType = wrapper.framework; name = CoreMotion.framework; path = System/Library/Frameworks/CoreMotion.framework; sourceTree = SDKROOT; };
		12ED596B1BEE8BB7007EBAC6 /* TripViewController.swift */ = {isa = PBXFileReference; fileEncoding = 4; lastKnownFileType = sourcecode.swift; path = TripViewController.swift; sourceTree = "<group>"; };
		3C6D07E51BEE9A1F0079B948 /* CreateProfileViewController.swift */ = {isa = PBXFileReference; fileEncoding = 4; lastKnownFileType = sourcecode.swift; path = CreateProfileViewController.swift; sourceTree = "<group>"; };
		3C9F4DA61BEFDB4800301029 /* LaunchScreen.storyboard */ = {isa = PBXFileReference; fileEncoding = 4; lastKnownFileType = file.storyboard; path = LaunchScreen.storyboard; sourceTree = "<group>"; };
		540B33841BF151DF007F6B7B /* MapViewController.swift */ = {isa = PBXFileReference; fileEncoding = 4; lastKnownFileType = sourcecode.swift; path = MapViewController.swift; sourceTree = "<group>"; };
		541CFF461BEAC32200DEB2D3 /* Launch Screen.xib */ = {isa = PBXFileReference; fileEncoding = 4; lastKnownFileType = file.xib; path = "Launch Screen.xib"; sourceTree = "<group>"; };
		541CFF4B1BEAC8DD00DEB2D3 /* CoreLocationManager.swift */ = {isa = PBXFileReference; fileEncoding = 4; lastKnownFileType = sourcecode.swift; path = CoreLocationManager.swift; sourceTree = "<group>"; };
		541CFF4F1BEADF6900DEB2D3 /* LocalStorageManager.swift */ = {isa = PBXFileReference; fileEncoding = 4; lastKnownFileType = sourcecode.swift; path = LocalStorageManager.swift; sourceTree = "<group>"; };
		541CFF511BEAE38500DEB2D3 /* User.swift */ = {isa = PBXFileReference; fileEncoding = 4; lastKnownFileType = sourcecode.swift; path = User.swift; sourceTree = "<group>"; };
		541CFF531BEAEADE00DEB2D3 /* UserManager.swift */ = {isa = PBXFileReference; fileEncoding = 4; lastKnownFileType = sourcecode.swift; path = UserManager.swift; sourceTree = "<group>"; };
		545DDBE41C02775200D5E1B7 /* GroupManagementViewController.swift */ = {isa = PBXFileReference; fileEncoding = 4; lastKnownFileType = sourcecode.swift; path = GroupManagementViewController.swift; sourceTree = "<group>"; };
		545DDBE61C02852500D5E1B7 /* GroupUser.swift */ = {isa = PBXFileReference; fileEncoding = 4; lastKnownFileType = sourcecode.swift; path = GroupUser.swift; sourceTree = "<group>"; };
		545E92B01C092D40002BAB9A /* GroupViewController.swift */ = {isa = PBXFileReference; fileEncoding = 4; lastKnownFileType = sourcecode.swift; path = GroupViewController.swift; sourceTree = "<group>"; };
		545E92B21C094710002BAB9A /* ActiveData.swift */ = {isa = PBXFileReference; fileEncoding = 4; lastKnownFileType = sourcecode.swift; path = ActiveData.swift; sourceTree = "<group>"; };
		546FC70E1C0011EE00B9EB51 /* WebApiManager.swift */ = {isa = PBXFileReference; fileEncoding = 4; lastKnownFileType = sourcecode.swift; path = WebApiManager.swift; sourceTree = "<group>"; };
		546FC7141C0014F100B9EB51 /* SwiftyJSON.swift */ = {isa = PBXFileReference; fileEncoding = 4; lastKnownFileType = sourcecode.swift; path = SwiftyJSON.swift; sourceTree = "<group>"; };
		546FD0591C011D1700C8CF7B /* Group.swift */ = {isa = PBXFileReference; fileEncoding = 4; lastKnownFileType = sourcecode.swift; path = Group.swift; sourceTree = "<group>"; };
		546FD05E1C012CFC00C8CF7B /* OnlinServiceManager.swift */ = {isa = PBXFileReference; fileEncoding = 4; lastKnownFileType = sourcecode.swift; path = OnlinServiceManager.swift; sourceTree = "<group>"; };
		54765AE11BEE9BD000EC49AF /* Session.swift */ = {isa = PBXFileReference; fileEncoding = 4; lastKnownFileType = sourcecode.swift; path = Session.swift; sourceTree = "<group>"; };
		54765AE21BEE9BD000EC49AF /* SessionManager.swift */ = {isa = PBXFileReference; fileEncoding = 4; lastKnownFileType = sourcecode.swift; path = SessionManager.swift; sourceTree = "<group>"; };
		54765AEB1BEEA01200EC49AF /* SessionSnapshot.swift */ = {isa = PBXFileReference; fileEncoding = 4; lastKnownFileType = sourcecode.swift; path = SessionSnapshot.swift; sourceTree = "<group>"; };
		54765AED1BEEA04E00EC49AF /* LocationSnapshot.swift */ = {isa = PBXFileReference; fileEncoding = 4; lastKnownFileType = sourcecode.swift; path = LocationSnapshot.swift; sourceTree = "<group>"; };
		54765AEF1BEEA05E00EC49AF /* MotionSnapshot.swift */ = {isa = PBXFileReference; fileEncoding = 4; lastKnownFileType = sourcecode.swift; path = MotionSnapshot.swift; sourceTree = "<group>"; };
		5476CDD81BEC1B06002A3D45 /* SkiResortDataManager.swift */ = {isa = PBXFileReference; fileEncoding = 4; lastKnownFileType = sourcecode.swift; path = SkiResortDataManager.swift; sourceTree = "<group>"; };
		5476CDDB1BEC1B86002A3D45 /* SkiResort.swift */ = {isa = PBXFileReference; fileEncoding = 4; lastKnownFileType = sourcecode.swift; path = SkiResort.swift; sourceTree = "<group>"; };
		5476CDDD1BEC2102002A3D45 /* SkiResortData.plist */ = {isa = PBXFileReference; fileEncoding = 4; lastKnownFileType = text.plist.xml; path = SkiResortData.plist; sourceTree = "<group>"; };
		54B247AD1BF00530000116D2 /* StatusGraphView.swift */ = {isa = PBXFileReference; fileEncoding = 4; lastKnownFileType = sourcecode.swift; path = StatusGraphView.swift; sourceTree = "<group>"; };
		54B247B31BF018E7000116D2 /* Queue.swift */ = {isa = PBXFileReference; fileEncoding = 4; lastKnownFileType = sourcecode.swift; path = Queue.swift; sourceTree = "<group>"; };
		6F4594431C0288B700EC85F5 /* Connectivity.swift */ = {isa = PBXFileReference; fileEncoding = 4; lastKnownFileType = sourcecode.swift; path = Connectivity.swift; sourceTree = "<group>"; };
		BF8E77B51BF0621000327C90 /* ChangeProfileTableViewController.swift */ = {isa = PBXFileReference; fileEncoding = 4; lastKnownFileType = sourcecode.swift; path = ChangeProfileTableViewController.swift; sourceTree = "<group>"; };
		BFAD5EEE1BF09CF40022D079 /* StatDetailsViewController.swift */ = {isa = PBXFileReference; fileEncoding = 4; lastKnownFileType = sourcecode.swift; path = StatDetailsViewController.swift; sourceTree = "<group>"; };
		BFAD5EEF1BF09CF40022D079 /* StatisticsTableViewController.swift */ = {isa = PBXFileReference; fileEncoding = 4; lastKnownFileType = sourcecode.swift; path = StatisticsTableViewController.swift; sourceTree = "<group>"; };
		C45C3C241BE9F7BA00174AC1 /* OnBoard.app */ = {isa = PBXFileReference; explicitFileType = wrapper.application; includeInIndex = 0; path = OnBoard.app; sourceTree = BUILT_PRODUCTS_DIR; };
		C45C3C271BE9F7BA00174AC1 /* AppDelegate.swift */ = {isa = PBXFileReference; lastKnownFileType = sourcecode.swift; path = AppDelegate.swift; sourceTree = "<group>"; };
		C45C3C2C1BE9F7BA00174AC1 /* Base */ = {isa = PBXFileReference; lastKnownFileType = file.storyboard; name = Base; path = Base.lproj/Main.storyboard; sourceTree = "<group>"; };
		C45C3C2E1BE9F7BA00174AC1 /* Assets.xcassets */ = {isa = PBXFileReference; lastKnownFileType = folder.assetcatalog; path = Assets.xcassets; sourceTree = "<group>"; };
		C45C3C331BE9F7BA00174AC1 /* Info.plist */ = {isa = PBXFileReference; lastKnownFileType = text.plist.xml; path = Info.plist; sourceTree = "<group>"; };
		C45C3C381BE9F7BA00174AC1 /* OnBoardTests.xctest */ = {isa = PBXFileReference; explicitFileType = wrapper.cfbundle; includeInIndex = 0; path = OnBoardTests.xctest; sourceTree = BUILT_PRODUCTS_DIR; };
		C45C3C3C1BE9F7BA00174AC1 /* OnBoardTests.swift */ = {isa = PBXFileReference; lastKnownFileType = sourcecode.swift; path = OnBoardTests.swift; sourceTree = "<group>"; };
		C45C3C3E1BE9F7BA00174AC1 /* Info.plist */ = {isa = PBXFileReference; lastKnownFileType = text.plist.xml; path = Info.plist; sourceTree = "<group>"; };
		C45C3C481BE9FDA200174AC1 /* ProfileSetupViewController.swift */ = {isa = PBXFileReference; fileEncoding = 4; lastKnownFileType = sourcecode.swift; path = ProfileSetupViewController.swift; sourceTree = "<group>"; };
		C45C3C4C1BEA027E00174AC1 /* LocationSpecificationViewController.swift */ = {isa = PBXFileReference; fileEncoding = 4; lastKnownFileType = sourcecode.swift; path = LocationSpecificationViewController.swift; sourceTree = "<group>"; };
		C45C3C4E1BEA038500174AC1 /* SessionConfirmationViewController.swift */ = {isa = PBXFileReference; fileEncoding = 4; lastKnownFileType = sourcecode.swift; path = SessionConfirmationViewController.swift; sourceTree = "<group>"; };
		C45C3C501BEA05D100174AC1 /* StartupViewController.swift */ = {isa = PBXFileReference; fileEncoding = 4; lastKnownFileType = sourcecode.swift; path = StartupViewController.swift; sourceTree = "<group>"; };
		C46901051C059C8D00D26D56 /* TelerikUI.framework */ = {isa = PBXFileReference; lastKnownFileType = wrapper.framework; path = TelerikUI.framework; sourceTree = "<group>"; };
		C46901071C059D7300D26D56 /* OnBoard-Bridging-Header.h */ = {isa = PBXFileReference; lastKnownFileType = sourcecode.c.h; path = "OnBoard-Bridging-Header.h"; sourceTree = "<group>"; };
		C46901081C059D7400D26D56 /* TelerikBridge.m */ = {isa = PBXFileReference; fileEncoding = 4; lastKnownFileType = sourcecode.c.objc; path = TelerikBridge.m; sourceTree = "<group>"; };
/* End PBXFileReference section */

/* Begin PBXFrameworksBuildPhase section */
		C45C3C211BE9F7BA00174AC1 /* Frameworks */ = {
			isa = PBXFrameworksBuildPhase;
			buildActionMask = 2147483647;
			files = (
				12186D191C0BB630005E04A4 /* HealthKit.framework in Frameworks */,
				C46901061C059C8D00D26D56 /* TelerikUI.framework in Frameworks */,
				12ED59681BEE88B8007EBAC6 /* CoreMotion.framework in Frameworks */,
			);
			runOnlyForDeploymentPostprocessing = 0;
		};
		C45C3C351BE9F7BA00174AC1 /* Frameworks */ = {
			isa = PBXFrameworksBuildPhase;
			buildActionMask = 2147483647;
			files = (
			);
			runOnlyForDeploymentPostprocessing = 0;
		};
/* End PBXFrameworksBuildPhase section */

/* Begin PBXGroup section */
		12186D011C0B9AEF005E04A4 /* Map */ = {
			isa = PBXGroup;
			children = (
				12186D021C0B9B1C005E04A4 /* GeoTag.swift */,
				12186D041C0B9D5B005E04A4 /* GeoTagManager.swift */,
			);
			name = Map;
			sourceTree = "<group>";
		};
		12ED59661BEE87C5007EBAC6 /* CoreMotion */ = {
			isa = PBXGroup;
			children = (
				121078311BED7BDB00D96B40 /* Acceleration.swift */,
			);
			name = CoreMotion;
			sourceTree = "<group>";
		};
		3C9F4DA81BEFE5E600301029 /* Profile */ = {
			isa = PBXGroup;
			children = (
				C45C3C481BE9FDA200174AC1 /* ProfileSetupViewController.swift */,
				3C6D07E51BEE9A1F0079B948 /* CreateProfileViewController.swift */,
				BF8E77B51BF0621000327C90 /* ChangeProfileTableViewController.swift */,
			);
			name = Profile;
			sourceTree = "<group>";
		};
		540B33831BF151B3007F6B7B /* Map */ = {
			isa = PBXGroup;
			children = (
				540B33841BF151DF007F6B7B /* MapViewController.swift */,
			);
			name = Map;
			sourceTree = "<group>";
		};
		541CFF451BEAC18A00DEB2D3 /* Model */ = {
			isa = PBXGroup;
			children = (
				12186D011C0B9AEF005E04A4 /* Map */,
				546FD0581C011D0800C8CF7B /* Group */,
				546FC70D1C0011C400B9EB51 /* Web */,
				54B247B21BF018DA000116D2 /* Container */,
				12ED59661BEE87C5007EBAC6 /* CoreMotion */,
				54765AE01BEE9BAA00EC49AF /* Session */,
				541CFF4E1BEADE9200DEB2D3 /* Storage */,
				541CFF4D1BEADE8000DEB2D3 /* User */,
				541CFF4A1BEAC8C300DEB2D3 /* Utility */,
			);
			name = Model;
			sourceTree = "<group>";
		};
		541CFF4A1BEAC8C300DEB2D3 /* Utility */ = {
			isa = PBXGroup;
			children = (
				541CFF4B1BEAC8DD00DEB2D3 /* CoreLocationManager.swift */,
				1210782F1BED788300D96B40 /* CoreMotionManager.swift */,
			);
			name = Utility;
			sourceTree = "<group>";
		};
		541CFF4D1BEADE8000DEB2D3 /* User */ = {
			isa = PBXGroup;
			children = (
				541CFF511BEAE38500DEB2D3 /* User.swift */,
				541CFF531BEAEADE00DEB2D3 /* UserManager.swift */,
			);
			name = User;
			sourceTree = "<group>";
		};
		541CFF4E1BEADE9200DEB2D3 /* Storage */ = {
			isa = PBXGroup;
			children = (
				541CFF4F1BEADF6900DEB2D3 /* LocalStorageManager.swift */,
			);
			name = Storage;
			sourceTree = "<group>";
		};
		546FC70D1C0011C400B9EB51 /* Web */ = {
			isa = PBXGroup;
			children = (
				546FC7141C0014F100B9EB51 /* SwiftyJSON.swift */,
				546FC70E1C0011EE00B9EB51 /* WebApiManager.swift */,
				6F4594431C0288B700EC85F5 /* Connectivity.swift */,
				546FD05E1C012CFC00C8CF7B /* OnlinServiceManager.swift */,
			);
			name = Web;
			sourceTree = "<group>";
		};
		546FD0581C011D0800C8CF7B /* Group */ = {
			isa = PBXGroup;
			children = (
				546FD0591C011D1700C8CF7B /* Group.swift */,
				545DDBE61C02852500D5E1B7 /* GroupUser.swift */,
				545E92B21C094710002BAB9A /* ActiveData.swift */,
			);
			name = Group;
			sourceTree = "<group>";
		};
		546FD05D1C012C4200C8CF7B /* Group */ = {
			isa = PBXGroup;
			children = (
				545DDBE41C02775200D5E1B7 /* GroupManagementViewController.swift */,
				545E92B01C092D40002BAB9A /* GroupViewController.swift */,
			);
			name = Group;
			sourceTree = "<group>";
		};
		54765AE01BEE9BAA00EC49AF /* Session */ = {
			isa = PBXGroup;
			children = (
				5476CDDA1BEC1B68002A3D45 /* SkiResortData */,
				54765AE11BEE9BD000EC49AF /* Session.swift */,
				54765AE21BEE9BD000EC49AF /* SessionManager.swift */,
				54765AEB1BEEA01200EC49AF /* SessionSnapshot.swift */,
				54765AED1BEEA04E00EC49AF /* LocationSnapshot.swift */,
				54765AEF1BEEA05E00EC49AF /* MotionSnapshot.swift */,
			);
			name = Session;
			sourceTree = "<group>";
		};
		5476CDD31BEC0EB5002A3D45 /* AppResources */ = {
			isa = PBXGroup;
			children = (
				5476CDDD1BEC2102002A3D45 /* SkiResortData.plist */,
			);
			name = AppResources;
			sourceTree = "<group>";
		};
		5476CDDA1BEC1B68002A3D45 /* SkiResortData */ = {
			isa = PBXGroup;
			children = (
				5476CDD81BEC1B06002A3D45 /* SkiResortDataManager.swift */,
				5476CDDB1BEC1B86002A3D45 /* SkiResort.swift */,
			);
			name = SkiResortData;
			sourceTree = "<group>";
		};
		54B247A81BEFFBFD000116D2 /* Graph */ = {
			isa = PBXGroup;
			children = (
				54B247AD1BF00530000116D2 /* StatusGraphView.swift */,
				C46901081C059D7400D26D56 /* TelerikBridge.m */,
				C46901071C059D7300D26D56 /* OnBoard-Bridging-Header.h */,
			);
			name = Graph;
			sourceTree = "<group>";
		};
		54B247B21BF018DA000116D2 /* Container */ = {
			isa = PBXGroup;
			children = (
				54B247B31BF018E7000116D2 /* Queue.swift */,
			);
			name = Container;
			sourceTree = "<group>";
		};
		BFAD5EF31BF09D120022D079 /* Statistics */ = {
			isa = PBXGroup;
			children = (
				BFAD5EEE1BF09CF40022D079 /* StatDetailsViewController.swift */,
				BFAD5EEF1BF09CF40022D079 /* StatisticsTableViewController.swift */,
			);
			name = Statistics;
			sourceTree = "<group>";
		};
		C45C3C1B1BE9F7BA00174AC1 = {
			isa = PBXGroup;
			children = (
				12186D181C0BB630005E04A4 /* HealthKit.framework */,
				C46901051C059C8D00D26D56 /* TelerikUI.framework */,
				12ED59671BEE88B8007EBAC6 /* CoreMotion.framework */,
				C45C3C261BE9F7BA00174AC1 /* OnBoard */,
				C45C3C3B1BE9F7BA00174AC1 /* OnBoardTests */,
				C45C3C251BE9F7BA00174AC1 /* Products */,
			);
			sourceTree = "<group>";
		};
		C45C3C251BE9F7BA00174AC1 /* Products */ = {
			isa = PBXGroup;
			children = (
				C45C3C241BE9F7BA00174AC1 /* OnBoard.app */,
				C45C3C381BE9F7BA00174AC1 /* OnBoardTests.xctest */,
			);
			name = Products;
			sourceTree = "<group>";
		};
		C45C3C261BE9F7BA00174AC1 /* OnBoard */ = {
			isa = PBXGroup;
			children = (
				124863CA1C09282D00D86E62 /* OnBoard.entitlements */,
				54B247A81BEFFBFD000116D2 /* Graph */,
				5476CDD31BEC0EB5002A3D45 /* AppResources */,
				541CFF451BEAC18A00DEB2D3 /* Model */,
				C45C3C471BE9FC7100174AC1 /* ViewControllers */,
				C45C3C271BE9F7BA00174AC1 /* AppDelegate.swift */,
				C45C3C2B1BE9F7BA00174AC1 /* Main.storyboard */,
				3C9F4DA61BEFDB4800301029 /* LaunchScreen.storyboard */,
				C45C3C2E1BE9F7BA00174AC1 /* Assets.xcassets */,
				C45C3C331BE9F7BA00174AC1 /* Info.plist */,
				541CFF461BEAC32200DEB2D3 /* Launch Screen.xib */,
			);
			path = OnBoard;
			sourceTree = "<group>";
		};
		C45C3C3B1BE9F7BA00174AC1 /* OnBoardTests */ = {
			isa = PBXGroup;
			children = (
				C45C3C3C1BE9F7BA00174AC1 /* OnBoardTests.swift */,
				C45C3C3E1BE9F7BA00174AC1 /* Info.plist */,
			);
			path = OnBoardTests;
			sourceTree = "<group>";
		};
		C45C3C471BE9FC7100174AC1 /* ViewControllers */ = {
			isa = PBXGroup;
			children = (
				546FD05D1C012C4200C8CF7B /* Group */,
				540B33831BF151B3007F6B7B /* Map */,
				BFAD5EF31BF09D120022D079 /* Statistics */,
				3C9F4DA81BEFE5E600301029 /* Profile */,
				C45C3C4C1BEA027E00174AC1 /* LocationSpecificationViewController.swift */,
				C45C3C4E1BEA038500174AC1 /* SessionConfirmationViewController.swift */,
				C45C3C501BEA05D100174AC1 /* StartupViewController.swift */,
				12ED596B1BEE8BB7007EBAC6 /* TripViewController.swift */,
			);
			name = ViewControllers;
			sourceTree = "<group>";
		};
/* End PBXGroup section */

/* Begin PBXNativeTarget section */
		C45C3C231BE9F7BA00174AC1 /* OnBoard */ = {
			isa = PBXNativeTarget;
			buildConfigurationList = C45C3C411BE9F7BA00174AC1 /* Build configuration list for PBXNativeTarget "OnBoard" */;
			buildPhases = (
				C45C3C201BE9F7BA00174AC1 /* Sources */,
				C45C3C211BE9F7BA00174AC1 /* Frameworks */,
				C45C3C221BE9F7BA00174AC1 /* Resources */,
			);
			buildRules = (
			);
			dependencies = (
			);
			name = OnBoard;
			productName = OnBoard;
			productReference = C45C3C241BE9F7BA00174AC1 /* OnBoard.app */;
			productType = "com.apple.product-type.application";
		};
		C45C3C371BE9F7BA00174AC1 /* OnBoardTests */ = {
			isa = PBXNativeTarget;
			buildConfigurationList = C45C3C441BE9F7BA00174AC1 /* Build configuration list for PBXNativeTarget "OnBoardTests" */;
			buildPhases = (
				C45C3C341BE9F7BA00174AC1 /* Sources */,
				C45C3C351BE9F7BA00174AC1 /* Frameworks */,
				C45C3C361BE9F7BA00174AC1 /* Resources */,
			);
			buildRules = (
			);
			dependencies = (
				C45C3C3A1BE9F7BA00174AC1 /* PBXTargetDependency */,
			);
			name = OnBoardTests;
			productName = OnBoardTests;
			productReference = C45C3C381BE9F7BA00174AC1 /* OnBoardTests.xctest */;
			productType = "com.apple.product-type.bundle.unit-test";
		};
/* End PBXNativeTarget section */

/* Begin PBXProject section */
		C45C3C1C1BE9F7BA00174AC1 /* Project object */ = {
			isa = PBXProject;
			attributes = {
				LastSwiftUpdateCheck = 0700;
				LastUpgradeCheck = 0700;
				ORGANIZATIONNAME = "Rainbow Riders";
				TargetAttributes = {
					C45C3C231BE9F7BA00174AC1 = {
						CreatedOnToolsVersion = 7.0.1;
						DevelopmentTeam = XM6475YHW9;
						SystemCapabilities = {
							com.apple.HealthKit = {
								enabled = 1;
							};
							com.apple.Maps.iOS = {
								enabled = 0;
							};
						};
					};
					C45C3C371BE9F7BA00174AC1 = {
						CreatedOnToolsVersion = 7.0.1;
						TestTargetID = C45C3C231BE9F7BA00174AC1;
					};
				};
			};
			buildConfigurationList = C45C3C1F1BE9F7BA00174AC1 /* Build configuration list for PBXProject "OnBoard" */;
			compatibilityVersion = "Xcode 3.2";
			developmentRegion = English;
			hasScannedForEncodings = 0;
			knownRegions = (
				en,
				Base,
			);
			mainGroup = C45C3C1B1BE9F7BA00174AC1;
			productRefGroup = C45C3C251BE9F7BA00174AC1 /* Products */;
			projectDirPath = "";
			projectRoot = "";
			targets = (
				C45C3C231BE9F7BA00174AC1 /* OnBoard */,
				C45C3C371BE9F7BA00174AC1 /* OnBoardTests */,
			);
		};
/* End PBXProject section */

/* Begin PBXResourcesBuildPhase section */
		C45C3C221BE9F7BA00174AC1 /* Resources */ = {
			isa = PBXResourcesBuildPhase;
			buildActionMask = 2147483647;
			files = (
				C45C3C2F1BE9F7BA00174AC1 /* Assets.xcassets in Resources */,
				C45C3C2D1BE9F7BA00174AC1 /* Main.storyboard in Resources */,
				541CFF471BEAC32200DEB2D3 /* Launch Screen.xib in Resources */,
				3C9F4DA71BEFDB4800301029 /* LaunchScreen.storyboard in Resources */,
				5476CDDE1BEC2102002A3D45 /* SkiResortData.plist in Resources */,
			);
			runOnlyForDeploymentPostprocessing = 0;
		};
		C45C3C361BE9F7BA00174AC1 /* Resources */ = {
			isa = PBXResourcesBuildPhase;
			buildActionMask = 2147483647;
			files = (
			);
			runOnlyForDeploymentPostprocessing = 0;
		};
/* End PBXResourcesBuildPhase section */

/* Begin PBXSourcesBuildPhase section */
		C45C3C201BE9F7BA00174AC1 /* Sources */ = {
			isa = PBXSourcesBuildPhase;
			buildActionMask = 2147483647;
			files = (
				541CFF541BEAEADE00DEB2D3 /* UserManager.swift in Sources */,
				C46901091C059D7400D26D56 /* TelerikBridge.m in Sources */,
				12186D031C0B9B1C005E04A4 /* GeoTag.swift in Sources */,
				C45C3C4F1BEA038500174AC1 /* SessionConfirmationViewController.swift in Sources */,
				5476CDD91BEC1B06002A3D45 /* SkiResortDataManager.swift in Sources */,
				546FC70F1C0011EE00B9EB51 /* WebApiManager.swift in Sources */,
				5476CDDC1BEC1B86002A3D45 /* SkiResort.swift in Sources */,
				3C6D07E61BEE9A1F0079B948 /* CreateProfileViewController.swift in Sources */,
				C45C3C4D1BEA027E00174AC1 /* LocationSpecificationViewController.swift in Sources */,
				54765AE41BEE9BD000EC49AF /* SessionManager.swift in Sources */,
				545E92B31C094710002BAB9A /* ActiveData.swift in Sources */,
				C45C3C491BE9FDA200174AC1 /* ProfileSetupViewController.swift in Sources */,
				54765AE31BEE9BD000EC49AF /* Session.swift in Sources */,
				C45C3C281BE9F7BA00174AC1 /* AppDelegate.swift in Sources */,
				545DDBE71C02852500D5E1B7 /* GroupUser.swift in Sources */,
				54765AEE1BEEA04E00EC49AF /* LocationSnapshot.swift in Sources */,
				6F4594441C0288B700EC85F5 /* Connectivity.swift in Sources */,
				546FD05F1C012CFC00C8CF7B /* OnlinServiceManager.swift in Sources */,
				121078301BED788300D96B40 /* CoreMotionManager.swift in Sources */,
				541CFF521BEAE38500DEB2D3 /* User.swift in Sources */,
				12ED596C1BEE8BB7007EBAC6 /* TripViewController.swift in Sources */,
				C45C3C511BEA05D100174AC1 /* StartupViewController.swift in Sources */,
				541CFF4C1BEAC8DD00DEB2D3 /* CoreLocationManager.swift in Sources */,
				54765AF01BEEA05E00EC49AF /* MotionSnapshot.swift in Sources */,
				541CFF501BEADF6900DEB2D3 /* LocalStorageManager.swift in Sources */,
				546FC7151C0014F100B9EB51 /* SwiftyJSON.swift in Sources */,
				54765AEC1BEEA01200EC49AF /* SessionSnapshot.swift in Sources */,
				540B33851BF151DF007F6B7B /* MapViewController.swift in Sources */,
				546FD05A1C011D1700C8CF7B /* Group.swift in Sources */,
				BFAD5EF11BF09CF40022D079 /* StatisticsTableViewController.swift in Sources */,
				BFAD5EF01BF09CF40022D079 /* StatDetailsViewController.swift in Sources */,
				121078321BED7BDB00D96B40 /* Acceleration.swift in Sources */,
				12186D051C0B9D5B005E04A4 /* GeoTagManager.swift in Sources */,
				54B247AE1BF00530000116D2 /* StatusGraphView.swift in Sources */,
				54B247B41BF018E7000116D2 /* Queue.swift in Sources */,
				BF8E77B61BF0621000327C90 /* ChangeProfileTableViewController.swift in Sources */,
				545DDBE51C02775200D5E1B7 /* GroupManagementViewController.swift in Sources */,
				545E92B11C092D40002BAB9A /* GroupViewController.swift in Sources */,
			);
			runOnlyForDeploymentPostprocessing = 0;
		};
		C45C3C341BE9F7BA00174AC1 /* Sources */ = {
			isa = PBXSourcesBuildPhase;
			buildActionMask = 2147483647;
			files = (
				C45C3C3D1BE9F7BA00174AC1 /* OnBoardTests.swift in Sources */,
			);
			runOnlyForDeploymentPostprocessing = 0;
		};
/* End PBXSourcesBuildPhase section */

/* Begin PBXTargetDependency section */
		C45C3C3A1BE9F7BA00174AC1 /* PBXTargetDependency */ = {
			isa = PBXTargetDependency;
			target = C45C3C231BE9F7BA00174AC1 /* OnBoard */;
			targetProxy = C45C3C391BE9F7BA00174AC1 /* PBXContainerItemProxy */;
		};
/* End PBXTargetDependency section */

/* Begin PBXVariantGroup section */
		C45C3C2B1BE9F7BA00174AC1 /* Main.storyboard */ = {
			isa = PBXVariantGroup;
			children = (
				C45C3C2C1BE9F7BA00174AC1 /* Base */,
			);
			name = Main.storyboard;
			sourceTree = "<group>";
		};
/* End PBXVariantGroup section */

/* Begin XCBuildConfiguration section */
		C45C3C3F1BE9F7BA00174AC1 /* Debug */ = {
			isa = XCBuildConfiguration;
			buildSettings = {
				ALWAYS_SEARCH_USER_PATHS = NO;
				CLANG_CXX_LANGUAGE_STANDARD = "gnu++0x";
				CLANG_CXX_LIBRARY = "libc++";
				CLANG_ENABLE_MODULES = YES;
				CLANG_ENABLE_OBJC_ARC = YES;
				CLANG_WARN_BOOL_CONVERSION = YES;
				CLANG_WARN_CONSTANT_CONVERSION = YES;
				CLANG_WARN_DIRECT_OBJC_ISA_USAGE = YES_ERROR;
				CLANG_WARN_EMPTY_BODY = YES;
				CLANG_WARN_ENUM_CONVERSION = YES;
				CLANG_WARN_INT_CONVERSION = YES;
				CLANG_WARN_OBJC_ROOT_CLASS = YES_ERROR;
				CLANG_WARN_UNREACHABLE_CODE = YES;
				CLANG_WARN__DUPLICATE_METHOD_MATCH = YES;
				"CODE_SIGN_IDENTITY[sdk=iphoneos*]" = "iPhone Developer";
				COPY_PHASE_STRIP = NO;
				DEBUG_INFORMATION_FORMAT = dwarf;
				ENABLE_STRICT_OBJC_MSGSEND = YES;
				ENABLE_TESTABILITY = YES;
				GCC_C_LANGUAGE_STANDARD = gnu99;
				GCC_DYNAMIC_NO_PIC = NO;
				GCC_NO_COMMON_BLOCKS = YES;
				GCC_OPTIMIZATION_LEVEL = 0;
				GCC_PREPROCESSOR_DEFINITIONS = (
					"DEBUG=1",
					"$(inherited)",
				);
				GCC_WARN_64_TO_32_BIT_CONVERSION = YES;
				GCC_WARN_ABOUT_RETURN_TYPE = YES_ERROR;
				GCC_WARN_UNDECLARED_SELECTOR = YES;
				GCC_WARN_UNINITIALIZED_AUTOS = YES_AGGRESSIVE;
				GCC_WARN_UNUSED_FUNCTION = YES;
				GCC_WARN_UNUSED_VARIABLE = YES;
				IPHONEOS_DEPLOYMENT_TARGET = 9.0;
				MTL_ENABLE_DEBUG_INFO = YES;
				ONLY_ACTIVE_ARCH = YES;
				SDKROOT = iphoneos;
				SWIFT_OPTIMIZATION_LEVEL = "-Onone";
			};
			name = Debug;
		};
		C45C3C401BE9F7BA00174AC1 /* Release */ = {
			isa = XCBuildConfiguration;
			buildSettings = {
				ALWAYS_SEARCH_USER_PATHS = NO;
				CLANG_CXX_LANGUAGE_STANDARD = "gnu++0x";
				CLANG_CXX_LIBRARY = "libc++";
				CLANG_ENABLE_MODULES = YES;
				CLANG_ENABLE_OBJC_ARC = YES;
				CLANG_WARN_BOOL_CONVERSION = YES;
				CLANG_WARN_CONSTANT_CONVERSION = YES;
				CLANG_WARN_DIRECT_OBJC_ISA_USAGE = YES_ERROR;
				CLANG_WARN_EMPTY_BODY = YES;
				CLANG_WARN_ENUM_CONVERSION = YES;
				CLANG_WARN_INT_CONVERSION = YES;
				CLANG_WARN_OBJC_ROOT_CLASS = YES_ERROR;
				CLANG_WARN_UNREACHABLE_CODE = YES;
				CLANG_WARN__DUPLICATE_METHOD_MATCH = YES;
				"CODE_SIGN_IDENTITY[sdk=iphoneos*]" = "iPhone Developer";
				COPY_PHASE_STRIP = NO;
				DEBUG_INFORMATION_FORMAT = "dwarf-with-dsym";
				ENABLE_NS_ASSERTIONS = NO;
				ENABLE_STRICT_OBJC_MSGSEND = YES;
				GCC_C_LANGUAGE_STANDARD = gnu99;
				GCC_NO_COMMON_BLOCKS = YES;
				GCC_WARN_64_TO_32_BIT_CONVERSION = YES;
				GCC_WARN_ABOUT_RETURN_TYPE = YES_ERROR;
				GCC_WARN_UNDECLARED_SELECTOR = YES;
				GCC_WARN_UNINITIALIZED_AUTOS = YES_AGGRESSIVE;
				GCC_WARN_UNUSED_FUNCTION = YES;
				GCC_WARN_UNUSED_VARIABLE = YES;
				IPHONEOS_DEPLOYMENT_TARGET = 9.0;
				MTL_ENABLE_DEBUG_INFO = NO;
				SDKROOT = iphoneos;
				VALIDATE_PRODUCT = YES;
			};
			name = Release;
		};
		C45C3C421BE9F7BA00174AC1 /* Debug */ = {
			isa = XCBuildConfiguration;
			buildSettings = {
				ASSETCATALOG_COMPILER_APPICON_NAME = AppIcon;
				CLANG_ENABLE_MODULES = YES;
				CODE_SIGN_ENTITLEMENTS = OnBoard/OnBoard.entitlements;
				CODE_SIGN_IDENTITY = "iPhone Developer";
				FRAMEWORK_SEARCH_PATHS = (
					"$(inherited)",
					"$(PROJECT_DIR)",
				);
				INFOPLIST_FILE = OnBoard/Info.plist;
				IPHONEOS_DEPLOYMENT_TARGET = 8.0;
				LD_RUNPATH_SEARCH_PATHS = "$(inherited) @executable_path/Frameworks";
				PRODUCT_BUNDLE_IDENTIFIER = RainbowRiders.OnBoard;
				PRODUCT_NAME = "$(TARGET_NAME)";
				SWIFT_OBJC_BRIDGING_HEADER = "OnBoard/OnBoard-Bridging-Header.h";
				SWIFT_OPTIMIZATION_LEVEL = "-Onone";
			};
			name = Debug;
		};
		C45C3C431BE9F7BA00174AC1 /* Release */ = {
			isa = XCBuildConfiguration;
			buildSettings = {
				ASSETCATALOG_COMPILER_APPICON_NAME = AppIcon;
				CLANG_ENABLE_MODULES = YES;
				CODE_SIGN_ENTITLEMENTS = OnBoard/OnBoard.entitlements;
				CODE_SIGN_IDENTITY = "iPhone Developer";
				FRAMEWORK_SEARCH_PATHS = (
					"$(inherited)",
					"$(PROJECT_DIR)",
				);
				INFOPLIST_FILE = OnBoard/Info.plist;
				IPHONEOS_DEPLOYMENT_TARGET = 8.0;
				LD_RUNPATH_SEARCH_PATHS = "$(inherited) @executable_path/Frameworks";
				PRODUCT_BUNDLE_IDENTIFIER = RainbowRiders.OnBoard;
				PRODUCT_NAME = "$(TARGET_NAME)";
				SWIFT_OBJC_BRIDGING_HEADER = "OnBoard/OnBoard-Bridging-Header.h";
			};
			name = Release;
		};
		C45C3C451BE9F7BA00174AC1 /* Debug */ = {
			isa = XCBuildConfiguration;
			buildSettings = {
				BUNDLE_LOADER = "$(TEST_HOST)";
				INFOPLIST_FILE = OnBoardTests/Info.plist;
				IPHONEOS_DEPLOYMENT_TARGET = 8.0;
				LD_RUNPATH_SEARCH_PATHS = "$(inherited) @executable_path/Frameworks @loader_path/Frameworks";
				PRODUCT_BUNDLE_IDENTIFIER = RainbowRiders.OnBoardTests;
				PRODUCT_NAME = "$(TARGET_NAME)";
				TEST_HOST = "$(BUILT_PRODUCTS_DIR)/OnBoard.app/OnBoard";
			};
			name = Debug;
		};
		C45C3C461BE9F7BA00174AC1 /* Release */ = {
			isa = XCBuildConfiguration;
			buildSettings = {
				BUNDLE_LOADER = "$(TEST_HOST)";
				INFOPLIST_FILE = OnBoardTests/Info.plist;
				IPHONEOS_DEPLOYMENT_TARGET = 8.0;
				LD_RUNPATH_SEARCH_PATHS = "$(inherited) @executable_path/Frameworks @loader_path/Frameworks";
				PRODUCT_BUNDLE_IDENTIFIER = RainbowRiders.OnBoardTests;
				PRODUCT_NAME = "$(TARGET_NAME)";
				TEST_HOST = "$(BUILT_PRODUCTS_DIR)/OnBoard.app/OnBoard";
			};
			name = Release;
		};
/* End XCBuildConfiguration section */

/* Begin XCConfigurationList section */
		C45C3C1F1BE9F7BA00174AC1 /* Build configuration list for PBXProject "OnBoard" */ = {
			isa = XCConfigurationList;
			buildConfigurations = (
				C45C3C3F1BE9F7BA00174AC1 /* Debug */,
				C45C3C401BE9F7BA00174AC1 /* Release */,
			);
			defaultConfigurationIsVisible = 0;
			defaultConfigurationName = Release;
		};
		C45C3C411BE9F7BA00174AC1 /* Build configuration list for PBXNativeTarget "OnBoard" */ = {
			isa = XCConfigurationList;
			buildConfigurations = (
				C45C3C421BE9F7BA00174AC1 /* Debug */,
				C45C3C431BE9F7BA00174AC1 /* Release */,
			);
			defaultConfigurationIsVisible = 0;
			defaultConfigurationName = Release;
		};
		C45C3C441BE9F7BA00174AC1 /* Build configuration list for PBXNativeTarget "OnBoardTests" */ = {
			isa = XCConfigurationList;
			buildConfigurations = (
				C45C3C451BE9F7BA00174AC1 /* Debug */,
				C45C3C461BE9F7BA00174AC1 /* Release */,
			);
			defaultConfigurationIsVisible = 0;
			defaultConfigurationName = Release;
		};
/* End XCConfigurationList section */
	};
	rootObject = C45C3C1C1BE9F7BA00174AC1 /* Project object */;
}
