// !$*UTF8*$!
{
	archiveVersion = 1;
	classes = {
	};
	objectVersion = 46;
	objects = {

/* Begin PBXBuildFile section */

		121078301BED788300D96B40 /* CoreMotionManager.swift in Sources */ = {isa = PBXBuildFile; fileRef = 1210782F1BED788300D96B40 /* CoreMotionManager.swift */; };
		121078321BED7BDB00D96B40 /* Acceleration.swift in Sources */ = {isa = PBXBuildFile; fileRef = 121078311BED7BDB00D96B40 /* Acceleration.swift */; };
		12ED59681BEE88B8007EBAC6 /* CoreMotion.framework in Frameworks */ = {isa = PBXBuildFile; fileRef = 12ED59671BEE88B8007EBAC6 /* CoreMotion.framework */; };
		12ED596C1BEE8BB7007EBAC6 /* TripViewController.swift in Sources */ = {isa = PBXBuildFile; fileRef = 12ED596B1BEE8BB7007EBAC6 /* TripViewController.swift */; };
		3C6D07E61BEE9A1F0079B948 /* CreateProfileViewController.swift in Sources */ = {isa = PBXBuildFile; fileRef = 3C6D07E51BEE9A1F0079B948 /* CreateProfileViewController.swift */; };
		541CFF471BEAC32200DEB2D3 /* Launch Screen.xib in Resources */ = {isa = PBXBuildFile; fileRef = 541CFF461BEAC32200DEB2D3 /* Launch Screen.xib */; };
		541CFF4C1BEAC8DD00DEB2D3 /* CoreLocationManager.swift in Sources */ = {isa = PBXBuildFile; fileRef = 541CFF4B1BEAC8DD00DEB2D3 /* CoreLocationManager.swift */; };
		541CFF501BEADF6900DEB2D3 /* LocalStorageManager.swift in Sources */ = {isa = PBXBuildFile; fileRef = 541CFF4F1BEADF6900DEB2D3 /* LocalStorageManager.swift */; };
		541CFF521BEAE38500DEB2D3 /* User.swift in Sources */ = {isa = PBXBuildFile; fileRef = 541CFF511BEAE38500DEB2D3 /* User.swift */; };
		541CFF541BEAEADE00DEB2D3 /* UserManager.swift in Sources */ = {isa = PBXBuildFile; fileRef = 541CFF531BEAEADE00DEB2D3 /* UserManager.swift */; };
		54765AE31BEE9BD000EC49AF /* Session.swift in Sources */ = {isa = PBXBuildFile; fileRef = 54765AE11BEE9BD000EC49AF /* Session.swift */; };
		54765AE41BEE9BD000EC49AF /* SessionManager.swift in Sources */ = {isa = PBXBuildFile; fileRef = 54765AE21BEE9BD000EC49AF /* SessionManager.swift */; };
		54765AEC1BEEA01200EC49AF /* SessionSnapshot.swift in Sources */ = {isa = PBXBuildFile; fileRef = 54765AEB1BEEA01200EC49AF /* SessionSnapshot.swift */; };
		54765AEE1BEEA04E00EC49AF /* LocationSnapshot.swift in Sources */ = {isa = PBXBuildFile; fileRef = 54765AED1BEEA04E00EC49AF /* LocationSnapshot.swift */; };
		54765AF01BEEA05E00EC49AF /* MotionSnapshot.swift in Sources */ = {isa = PBXBuildFile; fileRef = 54765AEF1BEEA05E00EC49AF /* MotionSnapshot.swift */; };
		5476CDD91BEC1B06002A3D45 /* SkiResortDataManager.swift in Sources */ = {isa = PBXBuildFile; fileRef = 5476CDD81BEC1B06002A3D45 /* SkiResortDataManager.swift */; };
		5476CDDC1BEC1B86002A3D45 /* SkiResort.swift in Sources */ = {isa = PBXBuildFile; fileRef = 5476CDDB1BEC1B86002A3D45 /* SkiResort.swift */; };
		5476CDDE1BEC2102002A3D45 /* SkiResortData.plist in Resources */ = {isa = PBXBuildFile; fileRef = 5476CDDD1BEC2102002A3D45 /* SkiResortData.plist */; };
		C45C3C281BE9F7BA00174AC1 /* AppDelegate.swift in Sources */ = {isa = PBXBuildFile; fileRef = C45C3C271BE9F7BA00174AC1 /* AppDelegate.swift */; };
		C45C3C2D1BE9F7BA00174AC1 /* Main.storyboard in Resources */ = {isa = PBXBuildFile; fileRef = C45C3C2B1BE9F7BA00174AC1 /* Main.storyboard */; };
		C45C3C2F1BE9F7BA00174AC1 /* Assets.xcassets in Resources */ = {isa = PBXBuildFile; fileRef = C45C3C2E1BE9F7BA00174AC1 /* Assets.xcassets */; };
		C45C3C3D1BE9F7BA00174AC1 /* OnBoardTests.swift in Sources */ = {isa = PBXBuildFile; fileRef = C45C3C3C1BE9F7BA00174AC1 /* OnBoardTests.swift */; };
		C45C3C491BE9FDA200174AC1 /* ProfileSetupViewController.swift in Sources */ = {isa = PBXBuildFile; fileRef = C45C3C481BE9FDA200174AC1 /* ProfileSetupViewController.swift */; };
		C45C3C4D1BEA027E00174AC1 /* LocationSpecificationViewController.swift in Sources */ = {isa = PBXBuildFile; fileRef = C45C3C4C1BEA027E00174AC1 /* LocationSpecificationViewController.swift */; };
		C45C3C4F1BEA038500174AC1 /* SessionConfirmationViewController.swift in Sources */ = {isa = PBXBuildFile; fileRef = C45C3C4E1BEA038500174AC1 /* SessionConfirmationViewController.swift */; };
		C45C3C511BEA05D100174AC1 /* StartupViewController.swift in Sources */ = {isa = PBXBuildFile; fileRef = C45C3C501BEA05D100174AC1 /* StartupViewController.swift */; };
/* End PBXBuildFile section */

/* Begin PBXContainerItemProxy section */
		C45C3C391BE9F7BA00174AC1 /* PBXContainerItemProxy */ = {
			isa = PBXContainerItemProxy;
			containerPortal = C45C3C1C1BE9F7BA00174AC1 /* Project object */;
			proxyType = 1;
			remoteGlobalIDString = C45C3C231BE9F7BA00174AC1;
			remoteInfo = OnBoard;
		};
/* End PBXContainerItemProxy section */

/* Begin PBXFileReference section */
		1210782F1BED788300D96B40 /* CoreMotionManager.swift */ = {isa = PBXFileReference; fileEncoding = 4; lastKnownFileType = sourcecode.swift; path = CoreMotionManager.swift; sourceTree = "<group>"; };
		121078311BED7BDB00D96B40 /* Acceleration.swift */ = {isa = PBXFileReference; fileEncoding = 4; lastKnownFileType = sourcecode.swift; path = Acceleration.swift; sourceTree = "<group>"; };
		12ED59671BEE88B8007EBAC6 /* CoreMotion.framework */ = {isa = PBXFileReference; lastKnownFileType = wrapper.framework; name = CoreMotion.framework; path = System/Library/Frameworks/CoreMotion.framework; sourceTree = SDKROOT; };
		12ED596B1BEE8BB7007EBAC6 /* TripViewController.swift */ = {isa = PBXFileReference; fileEncoding = 4; lastKnownFileType = sourcecode.swift; path = TripViewController.swift; sourceTree = "<group>"; };
		3C6D07E51BEE9A1F0079B948 /* CreateProfileViewController.swift */ = {isa = PBXFileReference; fileEncoding = 4; lastKnownFileType = sourcecode.swift; path = CreateProfileViewController.swift; sourceTree = "<group>"; };
		541CFF461BEAC32200DEB2D3 /* Launch Screen.xib */ = {isa = PBXFileReference; fileEncoding = 4; lastKnownFileType = file.xib; path = "Launch Screen.xib"; sourceTree = "<group>"; };
		541CFF4B1BEAC8DD00DEB2D3 /* CoreLocationManager.swift */ = {isa = PBXFileReference; fileEncoding = 4; lastKnownFileType = sourcecode.swift; path = CoreLocationManager.swift; sourceTree = "<group>"; };
		541CFF4F1BEADF6900DEB2D3 /* LocalStorageManager.swift */ = {isa = PBXFileReference; fileEncoding = 4; lastKnownFileType = sourcecode.swift; path = LocalStorageManager.swift; sourceTree = "<group>"; };
		541CFF511BEAE38500DEB2D3 /* User.swift */ = {isa = PBXFileReference; fileEncoding = 4; lastKnownFileType = sourcecode.swift; path = User.swift; sourceTree = "<group>"; };
		541CFF531BEAEADE00DEB2D3 /* UserManager.swift */ = {isa = PBXFileReference; fileEncoding = 4; lastKnownFileType = sourcecode.swift; path = UserManager.swift; sourceTree = "<group>"; };
		54765AE11BEE9BD000EC49AF /* Session.swift */ = {isa = PBXFileReference; fileEncoding = 4; lastKnownFileType = sourcecode.swift; path = Session.swift; sourceTree = "<group>"; };
		54765AE21BEE9BD000EC49AF /* SessionManager.swift */ = {isa = PBXFileReference; fileEncoding = 4; lastKnownFileType = sourcecode.swift; path = SessionManager.swift; sourceTree = "<group>"; };
		54765AEB1BEEA01200EC49AF /* SessionSnapshot.swift */ = {isa = PBXFileReference; fileEncoding = 4; lastKnownFileType = sourcecode.swift; path = SessionSnapshot.swift; sourceTree = "<group>"; };
		54765AED1BEEA04E00EC49AF /* LocationSnapshot.swift */ = {isa = PBXFileReference; fileEncoding = 4; lastKnownFileType = sourcecode.swift; path = LocationSnapshot.swift; sourceTree = "<group>"; };
		54765AEF1BEEA05E00EC49AF /* MotionSnapshot.swift */ = {isa = PBXFileReference; fileEncoding = 4; lastKnownFileType = sourcecode.swift; path = MotionSnapshot.swift; sourceTree = "<group>"; };
		5476CDD81BEC1B06002A3D45 /* SkiResortDataManager.swift */ = {isa = PBXFileReference; fileEncoding = 4; lastKnownFileType = sourcecode.swift; path = SkiResortDataManager.swift; sourceTree = "<group>"; };
		5476CDDB1BEC1B86002A3D45 /* SkiResort.swift */ = {isa = PBXFileReference; fileEncoding = 4; lastKnownFileType = sourcecode.swift; path = SkiResort.swift; sourceTree = "<group>"; };
		5476CDDD1BEC2102002A3D45 /* SkiResortData.plist */ = {isa = PBXFileReference; fileEncoding = 4; lastKnownFileType = text.plist.xml; path = SkiResortData.plist; sourceTree = "<group>"; };
		C45C3C241BE9F7BA00174AC1 /* OnBoard.app */ = {isa = PBXFileReference; explicitFileType = wrapper.application; includeInIndex = 0; path = OnBoard.app; sourceTree = BUILT_PRODUCTS_DIR; };
		C45C3C271BE9F7BA00174AC1 /* AppDelegate.swift */ = {isa = PBXFileReference; lastKnownFileType = sourcecode.swift; path = AppDelegate.swift; sourceTree = "<group>"; };
		C45C3C2C1BE9F7BA00174AC1 /* Base */ = {isa = PBXFileReference; lastKnownFileType = file.storyboard; name = Base; path = Base.lproj/Main.storyboard; sourceTree = "<group>"; };
		C45C3C2E1BE9F7BA00174AC1 /* Assets.xcassets */ = {isa = PBXFileReference; lastKnownFileType = folder.assetcatalog; path = Assets.xcassets; sourceTree = "<group>"; };
		C45C3C331BE9F7BA00174AC1 /* Info.plist */ = {isa = PBXFileReference; lastKnownFileType = text.plist.xml; path = Info.plist; sourceTree = "<group>"; };
		C45C3C381BE9F7BA00174AC1 /* OnBoardTests.xctest */ = {isa = PBXFileReference; explicitFileType = wrapper.cfbundle; includeInIndex = 0; path = OnBoardTests.xctest; sourceTree = BUILT_PRODUCTS_DIR; };
		C45C3C3C1BE9F7BA00174AC1 /* OnBoardTests.swift */ = {isa = PBXFileReference; lastKnownFileType = sourcecode.swift; path = OnBoardTests.swift; sourceTree = "<group>"; };
		C45C3C3E1BE9F7BA00174AC1 /* Info.plist */ = {isa = PBXFileReference; lastKnownFileType = text.plist.xml; path = Info.plist; sourceTree = "<group>"; };
		C45C3C481BE9FDA200174AC1 /* ProfileSetupViewController.swift */ = {isa = PBXFileReference; fileEncoding = 4; lastKnownFileType = sourcecode.swift; path = ProfileSetupViewController.swift; sourceTree = "<group>"; };
		C45C3C4C1BEA027E00174AC1 /* LocationSpecificationViewController.swift */ = {isa = PBXFileReference; fileEncoding = 4; lastKnownFileType = sourcecode.swift; path = LocationSpecificationViewController.swift; sourceTree = "<group>"; };
		C45C3C4E1BEA038500174AC1 /* SessionConfirmationViewController.swift */ = {isa = PBXFileReference; fileEncoding = 4; lastKnownFileType = sourcecode.swift; path = SessionConfirmationViewController.swift; sourceTree = "<group>"; };
		C45C3C501BEA05D100174AC1 /* StartupViewController.swift */ = {isa = PBXFileReference; fileEncoding = 4; lastKnownFileType = sourcecode.swift; path = StartupViewController.swift; sourceTree = "<group>"; };
/* End PBXFileReference section */

/* Begin PBXFrameworksBuildPhase section */
		C45C3C211BE9F7BA00174AC1 /* Frameworks */ = {
			isa = PBXFrameworksBuildPhase;
			buildActionMask = 2147483647;
			files = (
				12ED59681BEE88B8007EBAC6 /* CoreMotion.framework in Frameworks */,
			);
			runOnlyForDeploymentPostprocessing = 0;
		};
		C45C3C351BE9F7BA00174AC1 /* Frameworks */ = {
			isa = PBXFrameworksBuildPhase;
			buildActionMask = 2147483647;
			files = (
			);
			runOnlyForDeploymentPostprocessing = 0;
		};
/* End PBXFrameworksBuildPhase section */

/* Begin PBXGroup section */
		12ED59661BEE87C5007EBAC6 /* CoreMotion */ = {
			isa = PBXGroup;
			children = (
				121078311BED7BDB00D96B40 /* Acceleration.swift */,
			);
			name = CoreMotion;
			sourceTree = "<group>";
		};
		541CFF451BEAC18A00DEB2D3 /* Model */ = {
			isa = PBXGroup;
			children = (
				12ED59661BEE87C5007EBAC6 /* CoreMotion */,
				54765AE01BEE9BAA00EC49AF /* Session */,
				5476CDDA1BEC1B68002A3D45 /* SkiResortData */,
				541CFF4E1BEADE9200DEB2D3 /* Storage */,
				541CFF4D1BEADE8000DEB2D3 /* User */,
				541CFF4A1BEAC8C300DEB2D3 /* Utility */,
			);
			name = Model;
			sourceTree = "<group>";
		};
		541CFF4A1BEAC8C300DEB2D3 /* Utility */ = {
			isa = PBXGroup;
			children = (
				541CFF4B1BEAC8DD00DEB2D3 /* CoreLocationManager.swift */,
				1210782F1BED788300D96B40 /* CoreMotionManager.swift */,
			);
			name = Utility;
			sourceTree = "<group>";
		};
		541CFF4D1BEADE8000DEB2D3 /* User */ = {
			isa = PBXGroup;
			children = (
				541CFF511BEAE38500DEB2D3 /* User.swift */,
				541CFF531BEAEADE00DEB2D3 /* UserManager.swift */,
			);
			name = User;
			sourceTree = "<group>";
		};
		541CFF4E1BEADE9200DEB2D3 /* Storage */ = {
			isa = PBXGroup;
			children = (
				541CFF4F1BEADF6900DEB2D3 /* LocalStorageManager.swift */,
			);
			name = Storage;
			sourceTree = "<group>";
		};
		54765AE01BEE9BAA00EC49AF /* Session */ = {
			isa = PBXGroup;
			children = (
				54765AE11BEE9BD000EC49AF /* Session.swift */,
				54765AE21BEE9BD000EC49AF /* SessionManager.swift */,
				54765AEB1BEEA01200EC49AF /* SessionSnapshot.swift */,
				54765AED1BEEA04E00EC49AF /* LocationSnapshot.swift */,
				54765AEF1BEEA05E00EC49AF /* MotionSnapshot.swift */,
			);
			name = Session;
			sourceTree = "<group>";
		};
		5476CDD31BEC0EB5002A3D45 /* AppResources */ = {
			isa = PBXGroup;
			children = (
				5476CDDD1BEC2102002A3D45 /* SkiResortData.plist */,
			);
			name = AppResources;
			sourceTree = "<group>";
		};
		5476CDDA1BEC1B68002A3D45 /* SkiResortData */ = {
			isa = PBXGroup;
			children = (
				5476CDD81BEC1B06002A3D45 /* SkiResortDataManager.swift */,
				5476CDDB1BEC1B86002A3D45 /* SkiResort.swift */,
			);
			name = SkiResortData;
			sourceTree = "<group>";
		};
		C45C3C1B1BE9F7BA00174AC1 = {
			isa = PBXGroup;
			children = (
				12ED59671BEE88B8007EBAC6 /* CoreMotion.framework */,
				C45C3C261BE9F7BA00174AC1 /* OnBoard */,
				C45C3C3B1BE9F7BA00174AC1 /* OnBoardTests */,
				C45C3C251BE9F7BA00174AC1 /* Products */,
			);
			sourceTree = "<group>";
		};
		C45C3C251BE9F7BA00174AC1 /* Products */ = {
			isa = PBXGroup;
			children = (
				C45C3C241BE9F7BA00174AC1 /* OnBoard.app */,
				C45C3C381BE9F7BA00174AC1 /* OnBoardTests.xctest */,
			);
			name = Products;
			sourceTree = "<group>";
		};
		C45C3C261BE9F7BA00174AC1 /* OnBoard */ = {
			isa = PBXGroup;
			children = (
				5476CDD31BEC0EB5002A3D45 /* AppResources */,
				541CFF451BEAC18A00DEB2D3 /* Model */,
				C45C3C471BE9FC7100174AC1 /* ViewControllers */,
				C45C3C271BE9F7BA00174AC1 /* AppDelegate.swift */,
				C45C3C2B1BE9F7BA00174AC1 /* Main.storyboard */,
				C45C3C2E1BE9F7BA00174AC1 /* Assets.xcassets */,
				C45C3C331BE9F7BA00174AC1 /* Info.plist */,
				541CFF461BEAC32200DEB2D3 /* Launch Screen.xib */,
			);
			path = OnBoard;
			sourceTree = "<group>";
		};
		C45C3C3B1BE9F7BA00174AC1 /* OnBoardTests */ = {
			isa = PBXGroup;
			children = (
				C45C3C3C1BE9F7BA00174AC1 /* OnBoardTests.swift */,
				C45C3C3E1BE9F7BA00174AC1 /* Info.plist */,
			);
			path = OnBoardTests;
			sourceTree = "<group>";
		};
		C45C3C471BE9FC7100174AC1 /* ViewControllers */ = {
			isa = PBXGroup;
			children = (
				C45C3C481BE9FDA200174AC1 /* ProfileSetupViewController.swift */,
				C45C3C4C1BEA027E00174AC1 /* LocationSpecificationViewController.swift */,
				C45C3C4E1BEA038500174AC1 /* SessionConfirmationViewController.swift */,
				C45C3C501BEA05D100174AC1 /* StartupViewController.swift */,
				12ED596B1BEE8BB7007EBAC6 /* TripViewController.swift */,
				3C6D07E51BEE9A1F0079B948 /* CreateProfileViewController.swift */,
			);
			name = ViewControllers;
			sourceTree = "<group>";
		};
/* End PBXGroup section */

/* Begin PBXNativeTarget section */
		C45C3C231BE9F7BA00174AC1 /* OnBoard */ = {
			isa = PBXNativeTarget;
			buildConfigurationList = C45C3C411BE9F7BA00174AC1 /* Build configuration list for PBXNativeTarget "OnBoard" */;
			buildPhases = (
				C45C3C201BE9F7BA00174AC1 /* Sources */,
				C45C3C211BE9F7BA00174AC1 /* Frameworks */,
				C45C3C221BE9F7BA00174AC1 /* Resources */,
			);
			buildRules = (
			);
			dependencies = (
			);
			name = OnBoard;
			productName = OnBoard;
			productReference = C45C3C241BE9F7BA00174AC1 /* OnBoard.app */;
			productType = "com.apple.product-type.application";
		};
		C45C3C371BE9F7BA00174AC1 /* OnBoardTests */ = {
			isa = PBXNativeTarget;
			buildConfigurationList = C45C3C441BE9F7BA00174AC1 /* Build configuration list for PBXNativeTarget "OnBoardTests" */;
			buildPhases = (
				C45C3C341BE9F7BA00174AC1 /* Sources */,
				C45C3C351BE9F7BA00174AC1 /* Frameworks */,
				C45C3C361BE9F7BA00174AC1 /* Resources */,
			);
			buildRules = (
			);
			dependencies = (
				C45C3C3A1BE9F7BA00174AC1 /* PBXTargetDependency */,
			);
			name = OnBoardTests;
			productName = OnBoardTests;
			productReference = C45C3C381BE9F7BA00174AC1 /* OnBoardTests.xctest */;
			productType = "com.apple.product-type.bundle.unit-test";
		};
/* End PBXNativeTarget section */

/* Begin PBXProject section */
		C45C3C1C1BE9F7BA00174AC1 /* Project object */ = {
			isa = PBXProject;
			attributes = {
				LastUpgradeCheck = 0700;
				ORGANIZATIONNAME = "Rainbow Riders";
				TargetAttributes = {
					C45C3C231BE9F7BA00174AC1 = {
						CreatedOnToolsVersion = 7.0.1;
						SystemCapabilities = {
							com.apple.Maps.iOS = {
								enabled = 0;
							};
						};
					};
					C45C3C371BE9F7BA00174AC1 = {
						CreatedOnToolsVersion = 7.0.1;
						TestTargetID = C45C3C231BE9F7BA00174AC1;
					};
				};
			};
			buildConfigurationList = C45C3C1F1BE9F7BA00174AC1 /* Build configuration list for PBXProject "OnBoard" */;
			compatibilityVersion = "Xcode 3.2";
			developmentRegion = English;
			hasScannedForEncodings = 0;
			knownRegions = (
				en,
				Base,
			);
			mainGroup = C45C3C1B1BE9F7BA00174AC1;
			productRefGroup = C45C3C251BE9F7BA00174AC1 /* Products */;
			projectDirPath = "";
			projectRoot = "";
			targets = (
				C45C3C231BE9F7BA00174AC1 /* OnBoard */,
				C45C3C371BE9F7BA00174AC1 /* OnBoardTests */,
			);
		};
/* End PBXProject section */

/* Begin PBXResourcesBuildPhase section */
		C45C3C221BE9F7BA00174AC1 /* Resources */ = {
			isa = PBXResourcesBuildPhase;
			buildActionMask = 2147483647;
			files = (
				C45C3C2F1BE9F7BA00174AC1 /* Assets.xcassets in Resources */,
				C45C3C2D1BE9F7BA00174AC1 /* Main.storyboard in Resources */,
				541CFF471BEAC32200DEB2D3 /* Launch Screen.xib in Resources */,
				5476CDDE1BEC2102002A3D45 /* SkiResortData.plist in Resources */,
			);
			runOnlyForDeploymentPostprocessing = 0;
		};
		C45C3C361BE9F7BA00174AC1 /* Resources */ = {
			isa = PBXResourcesBuildPhase;
			buildActionMask = 2147483647;
			files = (
			);
			runOnlyForDeploymentPostprocessing = 0;
		};
/* End PBXResourcesBuildPhase section */

/* Begin PBXSourcesBuildPhase section */
		C45C3C201BE9F7BA00174AC1 /* Sources */ = {
			isa = PBXSourcesBuildPhase;
			buildActionMask = 2147483647;
			files = (
				541CFF541BEAEADE00DEB2D3 /* UserManager.swift in Sources */,
				C45C3C4F1BEA038500174AC1 /* SessionConfirmationViewController.swift in Sources */,
				5476CDD91BEC1B06002A3D45 /* SkiResortDataManager.swift in Sources */,
				5476CDDC1BEC1B86002A3D45 /* SkiResort.swift in Sources */,
				3C6D07E61BEE9A1F0079B948 /* CreateProfileViewController.swift in Sources */,
				C45C3C4D1BEA027E00174AC1 /* LocationSpecificationViewController.swift in Sources */,
				54765AE41BEE9BD000EC49AF /* SessionManager.swift in Sources */,
				C45C3C491BE9FDA200174AC1 /* ProfileSetupViewController.swift in Sources */,
				54765AE31BEE9BD000EC49AF /* Session.swift in Sources */,
				C45C3C281BE9F7BA00174AC1 /* AppDelegate.swift in Sources */,
				54765AEE1BEEA04E00EC49AF /* LocationSnapshot.swift in Sources */,
				121078301BED788300D96B40 /* CoreMotionManager.swift in Sources */,
				541CFF521BEAE38500DEB2D3 /* User.swift in Sources */,
				12ED596C1BEE8BB7007EBAC6 /* TripViewController.swift in Sources */,
				C45C3C511BEA05D100174AC1 /* StartupViewController.swift in Sources */,
				541CFF4C1BEAC8DD00DEB2D3 /* CoreLocationManager.swift in Sources */,
				54765AF01BEEA05E00EC49AF /* MotionSnapshot.swift in Sources */,
				541CFF501BEADF6900DEB2D3 /* LocalStorageManager.swift in Sources */,
				54765AEC1BEEA01200EC49AF /* SessionSnapshot.swift in Sources */,
				121078321BED7BDB00D96B40 /* Acceleration.swift in Sources */,
			);
			runOnlyForDeploymentPostprocessing = 0;
		};
		C45C3C341BE9F7BA00174AC1 /* Sources */ = {
			isa = PBXSourcesBuildPhase;
			buildActionMask = 2147483647;
			files = (
				C45C3C3D1BE9F7BA00174AC1 /* OnBoardTests.swift in Sources */,
			);
			runOnlyForDeploymentPostprocessing = 0;
		};
/* End PBXSourcesBuildPhase section */

/* Begin PBXTargetDependency section */
		C45C3C3A1BE9F7BA00174AC1 /* PBXTargetDependency */ = {
			isa = PBXTargetDependency;
			target = C45C3C231BE9F7BA00174AC1 /* OnBoard */;
			targetProxy = C45C3C391BE9F7BA00174AC1 /* PBXContainerItemProxy */;
		};
/* End PBXTargetDependency section */

/* Begin PBXVariantGroup section */
		C45C3C2B1BE9F7BA00174AC1 /* Main.storyboard */ = {
			isa = PBXVariantGroup;
			children = (
				C45C3C2C1BE9F7BA00174AC1 /* Base */,
			);
			name = Main.storyboard;
			sourceTree = "<group>";
		};
/* End PBXVariantGroup section */

/* Begin XCBuildConfiguration section */
		C45C3C3F1BE9F7BA00174AC1 /* Debug */ = {
			isa = XCBuildConfiguration;
			buildSettings = {
				ALWAYS_SEARCH_USER_PATHS = NO;
				CLANG_CXX_LANGUAGE_STANDARD = "gnu++0x";
				CLANG_CXX_LIBRARY = "libc++";
				CLANG_ENABLE_MODULES = YES;
				CLANG_ENABLE_OBJC_ARC = YES;
				CLANG_WARN_BOOL_CONVERSION = YES;
				CLANG_WARN_CONSTANT_CONVERSION = YES;
				CLANG_WARN_DIRECT_OBJC_ISA_USAGE = YES_ERROR;
				CLANG_WARN_EMPTY_BODY = YES;
				CLANG_WARN_ENUM_CONVERSION = YES;
				CLANG_WARN_INT_CONVERSION = YES;
				CLANG_WARN_OBJC_ROOT_CLASS = YES_ERROR;
				CLANG_WARN_UNREACHABLE_CODE = YES;
				CLANG_WARN__DUPLICATE_METHOD_MATCH = YES;
				"CODE_SIGN_IDENTITY[sdk=iphoneos*]" = "iPhone Developer";
				COPY_PHASE_STRIP = NO;
				DEBUG_INFORMATION_FORMAT = dwarf;
				ENABLE_STRICT_OBJC_MSGSEND = YES;
				ENABLE_TESTABILITY = YES;
				GCC_C_LANGUAGE_STANDARD = gnu99;
				GCC_DYNAMIC_NO_PIC = NO;
				GCC_NO_COMMON_BLOCKS = YES;
				GCC_OPTIMIZATION_LEVEL = 0;
				GCC_PREPROCESSOR_DEFINITIONS = (
					"DEBUG=1",
					"$(inherited)",
				);
				GCC_WARN_64_TO_32_BIT_CONVERSION = YES;
				GCC_WARN_ABOUT_RETURN_TYPE = YES_ERROR;
				GCC_WARN_UNDECLARED_SELECTOR = YES;
				GCC_WARN_UNINITIALIZED_AUTOS = YES_AGGRESSIVE;
				GCC_WARN_UNUSED_FUNCTION = YES;
				GCC_WARN_UNUSED_VARIABLE = YES;
				IPHONEOS_DEPLOYMENT_TARGET = 9.0;
				MTL_ENABLE_DEBUG_INFO = YES;
				ONLY_ACTIVE_ARCH = YES;
				SDKROOT = iphoneos;
				SWIFT_OPTIMIZATION_LEVEL = "-Onone";
			};
			name = Debug;
		};
		C45C3C401BE9F7BA00174AC1 /* Release */ = {
			isa = XCBuildConfiguration;
			buildSettings = {
				ALWAYS_SEARCH_USER_PATHS = NO;
				CLANG_CXX_LANGUAGE_STANDARD = "gnu++0x";
				CLANG_CXX_LIBRARY = "libc++";
				CLANG_ENABLE_MODULES = YES;
				CLANG_ENABLE_OBJC_ARC = YES;
				CLANG_WARN_BOOL_CONVERSION = YES;
				CLANG_WARN_CONSTANT_CONVERSION = YES;
				CLANG_WARN_DIRECT_OBJC_ISA_USAGE = YES_ERROR;
				CLANG_WARN_EMPTY_BODY = YES;
				CLANG_WARN_ENUM_CONVERSION = YES;
				CLANG_WARN_INT_CONVERSION = YES;
				CLANG_WARN_OBJC_ROOT_CLASS = YES_ERROR;
				CLANG_WARN_UNREACHABLE_CODE = YES;
				CLANG_WARN__DUPLICATE_METHOD_MATCH = YES;
				"CODE_SIGN_IDENTITY[sdk=iphoneos*]" = "iPhone Developer";
				COPY_PHASE_STRIP = NO;
				DEBUG_INFORMATION_FORMAT = "dwarf-with-dsym";
				ENABLE_NS_ASSERTIONS = NO;
				ENABLE_STRICT_OBJC_MSGSEND = YES;
				GCC_C_LANGUAGE_STANDARD = gnu99;
				GCC_NO_COMMON_BLOCKS = YES;
				GCC_WARN_64_TO_32_BIT_CONVERSION = YES;
				GCC_WARN_ABOUT_RETURN_TYPE = YES_ERROR;
				GCC_WARN_UNDECLARED_SELECTOR = YES;
				GCC_WARN_UNINITIALIZED_AUTOS = YES_AGGRESSIVE;
				GCC_WARN_UNUSED_FUNCTION = YES;
				GCC_WARN_UNUSED_VARIABLE = YES;
				IPHONEOS_DEPLOYMENT_TARGET = 9.0;
				MTL_ENABLE_DEBUG_INFO = NO;
				SDKROOT = iphoneos;
				VALIDATE_PRODUCT = YES;
			};
			name = Release;
		};
		C45C3C421BE9F7BA00174AC1 /* Debug */ = {
			isa = XCBuildConfiguration;
			buildSettings = {
				ASSETCATALOG_COMPILER_APPICON_NAME = AppIcon;
				INFOPLIST_FILE = OnBoard/Info.plist;
				IPHONEOS_DEPLOYMENT_TARGET = 8.0;
				LD_RUNPATH_SEARCH_PATHS = "$(inherited) @executable_path/Frameworks";
				PRODUCT_BUNDLE_IDENTIFIER = RainbowRiders.OnBoard;
				PRODUCT_NAME = "$(TARGET_NAME)";
			};
			name = Debug;
		};
		C45C3C431BE9F7BA00174AC1 /* Release */ = {
			isa = XCBuildConfiguration;
			buildSettings = {
				ASSETCATALOG_COMPILER_APPICON_NAME = AppIcon;
				INFOPLIST_FILE = OnBoard/Info.plist;
				IPHONEOS_DEPLOYMENT_TARGET = 8.0;
				LD_RUNPATH_SEARCH_PATHS = "$(inherited) @executable_path/Frameworks";
				PRODUCT_BUNDLE_IDENTIFIER = RainbowRiders.OnBoard;
				PRODUCT_NAME = "$(TARGET_NAME)";
			};
			name = Release;
		};
		C45C3C451BE9F7BA00174AC1 /* Debug */ = {
			isa = XCBuildConfiguration;
			buildSettings = {
				BUNDLE_LOADER = "$(TEST_HOST)";
				INFOPLIST_FILE = OnBoardTests/Info.plist;
				IPHONEOS_DEPLOYMENT_TARGET = 8.0;
				LD_RUNPATH_SEARCH_PATHS = "$(inherited) @executable_path/Frameworks @loader_path/Frameworks";
				PRODUCT_BUNDLE_IDENTIFIER = RainbowRiders.OnBoardTests;
				PRODUCT_NAME = "$(TARGET_NAME)";
				TEST_HOST = "$(BUILT_PRODUCTS_DIR)/OnBoard.app/OnBoard";
			};
			name = Debug;
		};
		C45C3C461BE9F7BA00174AC1 /* Release */ = {
			isa = XCBuildConfiguration;
			buildSettings = {
				BUNDLE_LOADER = "$(TEST_HOST)";
				INFOPLIST_FILE = OnBoardTests/Info.plist;
				IPHONEOS_DEPLOYMENT_TARGET = 8.0;
				LD_RUNPATH_SEARCH_PATHS = "$(inherited) @executable_path/Frameworks @loader_path/Frameworks";
				PRODUCT_BUNDLE_IDENTIFIER = RainbowRiders.OnBoardTests;
				PRODUCT_NAME = "$(TARGET_NAME)";
				TEST_HOST = "$(BUILT_PRODUCTS_DIR)/OnBoard.app/OnBoard";
			};
			name = Release;
		};
/* End XCBuildConfiguration section */

/* Begin XCConfigurationList section */
		C45C3C1F1BE9F7BA00174AC1 /* Build configuration list for PBXProject "OnBoard" */ = {
			isa = XCConfigurationList;
			buildConfigurations = (
				C45C3C3F1BE9F7BA00174AC1 /* Debug */,
				C45C3C401BE9F7BA00174AC1 /* Release */,
			);
			defaultConfigurationIsVisible = 0;
			defaultConfigurationName = Release;
		};
		C45C3C411BE9F7BA00174AC1 /* Build configuration list for PBXNativeTarget "OnBoard" */ = {
			isa = XCConfigurationList;
			buildConfigurations = (
				C45C3C421BE9F7BA00174AC1 /* Debug */,
				C45C3C431BE9F7BA00174AC1 /* Release */,
			);
			defaultConfigurationIsVisible = 0;
			defaultConfigurationName = Release;
		};
		C45C3C441BE9F7BA00174AC1 /* Build configuration list for PBXNativeTarget "OnBoardTests" */ = {
			isa = XCConfigurationList;
			buildConfigurations = (
				C45C3C451BE9F7BA00174AC1 /* Debug */,
				C45C3C461BE9F7BA00174AC1 /* Release */,
			);
			defaultConfigurationIsVisible = 0;
			defaultConfigurationName = Release;
		};
/* End XCConfigurationList section */
	};
	rootObject = C45C3C1C1BE9F7BA00174AC1 /* Project object */;
}
